// !$*UTF8*$!
{
	archiveVersion = 1;
	classes = {
	};
	objectVersion = 56;
	objects = {

/* Begin PBXBuildFile section */
		CFF3E5D42C12715200ADD8A2 /* FavoriteBookAppApp.swift in Sources */ = {isa = PBXBuildFile; fileRef = CFF3E5D32C12715200ADD8A2 /* FavoriteBookAppApp.swift */; };
		CFF3E5D62C12715200ADD8A2 /* ContentView.swift in Sources */ = {isa = PBXBuildFile; fileRef = CFF3E5D52C12715200ADD8A2 /* ContentView.swift */; };
		CFF3E5D82C12715300ADD8A2 /* Assets.xcassets in Resources */ = {isa = PBXBuildFile; fileRef = CFF3E5D72C12715300ADD8A2 /* Assets.xcassets */; };
		CFF3E5DB2C12715300ADD8A2 /* Preview Assets.xcassets in Resources */ = {isa = PBXBuildFile; fileRef = CFF3E5DA2C12715300ADD8A2 /* Preview Assets.xcassets */; };
		CFF3E5E52C12715300ADD8A2 /* FavoriteBookAppTests.swift in Sources */ = {isa = PBXBuildFile; fileRef = CFF3E5E42C12715300ADD8A2 /* FavoriteBookAppTests.swift */; };
		CFF3E5EF2C12715300ADD8A2 /* FavoriteBookAppUITests.swift in Sources */ = {isa = PBXBuildFile; fileRef = CFF3E5EE2C12715300ADD8A2 /* FavoriteBookAppUITests.swift */; };
		CFF3E5F12C12715300ADD8A2 /* FavoriteBookAppUITestsLaunchTests.swift in Sources */ = {isa = PBXBuildFile; fileRef = CFF3E5F02C12715300ADD8A2 /* FavoriteBookAppUITestsLaunchTests.swift */; };
		CFF3E5FE2C1271BB00ADD8A2 /* FavoriteModel.swift in Sources */ = {isa = PBXBuildFile; fileRef = CFF3E5FD2C1271BB00ADD8A2 /* FavoriteModel.swift */; };
		CFF3E6002C12791F00ADD8A2 /* DetailsSwiftUIView.swift in Sources */ = {isa = PBXBuildFile; fileRef = CFF3E5FF2C12791F00ADD8A2 /* DetailsSwiftUIView.swift */; };
/* End PBXBuildFile section */

/* Begin PBXContainerItemProxy section */
		CFF3E5E12C12715300ADD8A2 /* PBXContainerItemProxy */ = {
			isa = PBXContainerItemProxy;
			containerPortal = CFF3E5C82C12715200ADD8A2 /* Project object */;
			proxyType = 1;
			remoteGlobalIDString = CFF3E5CF2C12715200ADD8A2;
			remoteInfo = FavoriteBookApp;
		};
		CFF3E5EB2C12715300ADD8A2 /* PBXContainerItemProxy */ = {
			isa = PBXContainerItemProxy;
			containerPortal = CFF3E5C82C12715200ADD8A2 /* Project object */;
			proxyType = 1;
			remoteGlobalIDString = CFF3E5CF2C12715200ADD8A2;
			remoteInfo = FavoriteBookApp;
		};
/* End PBXContainerItemProxy section */

/* Begin PBXFileReference section */
		CFF3E5D02C12715200ADD8A2 /* FavoriteBookApp.app */ = {isa = PBXFileReference; explicitFileType = wrapper.application; includeInIndex = 0; path = FavoriteBookApp.app; sourceTree = BUILT_PRODUCTS_DIR; };
		CFF3E5D32C12715200ADD8A2 /* FavoriteBookAppApp.swift */ = {isa = PBXFileReference; lastKnownFileType = sourcecode.swift; path = FavoriteBookAppApp.swift; sourceTree = "<group>"; };
		CFF3E5D52C12715200ADD8A2 /* ContentView.swift */ = {isa = PBXFileReference; lastKnownFileType = sourcecode.swift; path = ContentView.swift; sourceTree = "<group>"; };
		CFF3E5D72C12715300ADD8A2 /* Assets.xcassets */ = {isa = PBXFileReference; lastKnownFileType = folder.assetcatalog; path = Assets.xcassets; sourceTree = "<group>"; };
		CFF3E5DA2C12715300ADD8A2 /* Preview Assets.xcassets */ = {isa = PBXFileReference; lastKnownFileType = folder.assetcatalog; path = "Preview Assets.xcassets"; sourceTree = "<group>"; };
		CFF3E5E02C12715300ADD8A2 /* FavoriteBookAppTests.xctest */ = {isa = PBXFileReference; explicitFileType = wrapper.cfbundle; includeInIndex = 0; path = FavoriteBookAppTests.xctest; sourceTree = BUILT_PRODUCTS_DIR; };
		CFF3E5E42C12715300ADD8A2 /* FavoriteBookAppTests.swift */ = {isa = PBXFileReference; lastKnownFileType = sourcecode.swift; path = FavoriteBookAppTests.swift; sourceTree = "<group>"; };
		CFF3E5EA2C12715300ADD8A2 /* FavoriteBookAppUITests.xctest */ = {isa = PBXFileReference; explicitFileType = wrapper.cfbundle; includeInIndex = 0; path = FavoriteBookAppUITests.xctest; sourceTree = BUILT_PRODUCTS_DIR; };
		CFF3E5EE2C12715300ADD8A2 /* FavoriteBookAppUITests.swift */ = {isa = PBXFileReference; lastKnownFileType = sourcecode.swift; path = FavoriteBookAppUITests.swift; sourceTree = "<group>"; };
		CFF3E5F02C12715300ADD8A2 /* FavoriteBookAppUITestsLaunchTests.swift */ = {isa = PBXFileReference; lastKnownFileType = sourcecode.swift; path = FavoriteBookAppUITestsLaunchTests.swift; sourceTree = "<group>"; };
		CFF3E5FD2C1271BB00ADD8A2 /* FavoriteModel.swift */ = {isa = PBXFileReference; lastKnownFileType = sourcecode.swift; path = FavoriteModel.swift; sourceTree = "<group>"; };
		CFF3E5FF2C12791F00ADD8A2 /* DetailsSwiftUIView.swift */ = {isa = PBXFileReference; lastKnownFileType = sourcecode.swift; path = DetailsSwiftUIView.swift; sourceTree = "<group>"; };
/* End PBXFileReference section */

/* Begin PBXFrameworksBuildPhase section */
		CFF3E5CD2C12715200ADD8A2 /* Frameworks */ = {
			isa = PBXFrameworksBuildPhase;
			buildActionMask = 2147483647;
			files = (
			);
			runOnlyForDeploymentPostprocessing = 0;
		};
		CFF3E5DD2C12715300ADD8A2 /* Frameworks */ = {
			isa = PBXFrameworksBuildPhase;
			buildActionMask = 2147483647;
			files = (
			);
			runOnlyForDeploymentPostprocessing = 0;
		};
		CFF3E5E72C12715300ADD8A2 /* Frameworks */ = {
			isa = PBXFrameworksBuildPhase;
			buildActionMask = 2147483647;
			files = (
			);
			runOnlyForDeploymentPostprocessing = 0;
		};
/* End PBXFrameworksBuildPhase section */

/* Begin PBXGroup section */
		CFF3E5C72C12715200ADD8A2 = {
			isa = PBXGroup;
			children = (
				CFF3E5D22C12715200ADD8A2 /* FavoriteBookApp */,
				CFF3E5E32C12715300ADD8A2 /* FavoriteBookAppTests */,
				CFF3E5ED2C12715300ADD8A2 /* FavoriteBookAppUITests */,
				CFF3E5D12C12715200ADD8A2 /* Products */,
			);
			sourceTree = "<group>";
		};
		CFF3E5D12C12715200ADD8A2 /* Products */ = {
			isa = PBXGroup;
			children = (
				CFF3E5D02C12715200ADD8A2 /* FavoriteBookApp.app */,
				CFF3E5E02C12715300ADD8A2 /* FavoriteBookAppTests.xctest */,
				CFF3E5EA2C12715300ADD8A2 /* FavoriteBookAppUITests.xctest */,
			);
			name = Products;
			sourceTree = "<group>";
		};
		CFF3E5D22C12715200ADD8A2 /* FavoriteBookApp */ = {
			isa = PBXGroup;
			children = (
				CFF3E5D32C12715200ADD8A2 /* FavoriteBookAppApp.swift */,
				CFF3E5D52C12715200ADD8A2 /* ContentView.swift */,
				CFF3E5FD2C1271BB00ADD8A2 /* FavoriteModel.swift */,
				CFF3E5FF2C12791F00ADD8A2 /* DetailsSwiftUIView.swift */,
				CFF3E5D72C12715300ADD8A2 /* Assets.xcassets */,
				CFF3E5D92C12715300ADD8A2 /* Preview Content */,
			);
			path = FavoriteBookApp;
			sourceTree = "<group>";
		};
		CFF3E5D92C12715300ADD8A2 /* Preview Content */ = {
			isa = PBXGroup;
			children = (
				CFF3E5DA2C12715300ADD8A2 /* Preview Assets.xcassets */,
			);
			path = "Preview Content";
			sourceTree = "<group>";
		};
		CFF3E5E32C12715300ADD8A2 /* FavoriteBookAppTests */ = {
			isa = PBXGroup;
			children = (
				CFF3E5E42C12715300ADD8A2 /* FavoriteBookAppTests.swift */,
			);
			path = FavoriteBookAppTests;
			sourceTree = "<group>";
		};
		CFF3E5ED2C12715300ADD8A2 /* FavoriteBookAppUITests */ = {
			isa = PBXGroup;
			children = (
				CFF3E5EE2C12715300ADD8A2 /* FavoriteBookAppUITests.swift */,
				CFF3E5F02C12715300ADD8A2 /* FavoriteBookAppUITestsLaunchTests.swift */,
			);
			path = FavoriteBookAppUITests;
			sourceTree = "<group>";
		};
/* End PBXGroup section */

/* Begin PBXNativeTarget section */
		CFF3E5CF2C12715200ADD8A2 /* FavoriteBookApp */ = {
			isa = PBXNativeTarget;
			buildConfigurationList = CFF3E5F42C12715300ADD8A2 /* Build configuration list for PBXNativeTarget "FavoriteBookApp" */;
			buildPhases = (
				CFF3E5CC2C12715200ADD8A2 /* Sources */,
				CFF3E5CD2C12715200ADD8A2 /* Frameworks */,
				CFF3E5CE2C12715200ADD8A2 /* Resources */,
			);
			buildRules = (
			);
			dependencies = (
			);
			name = FavoriteBookApp;
			productName = FavoriteBookApp;
			productReference = CFF3E5D02C12715200ADD8A2 /* FavoriteBookApp.app */;
			productType = "com.apple.product-type.application";
		};
		CFF3E5DF2C12715300ADD8A2 /* FavoriteBookAppTests */ = {
			isa = PBXNativeTarget;
			buildConfigurationList = CFF3E5F72C12715300ADD8A2 /* Build configuration list for PBXNativeTarget "FavoriteBookAppTests" */;
			buildPhases = (
				CFF3E5DC2C12715300ADD8A2 /* Sources */,
				CFF3E5DD2C12715300ADD8A2 /* Frameworks */,
				CFF3E5DE2C12715300ADD8A2 /* Resources */,
			);
			buildRules = (
			);
			dependencies = (
				CFF3E5E22C12715300ADD8A2 /* PBXTargetDependency */,
			);
			name = FavoriteBookAppTests;
			productName = FavoriteBookAppTests;
			productReference = CFF3E5E02C12715300ADD8A2 /* FavoriteBookAppTests.xctest */;
			productType = "com.apple.product-type.bundle.unit-test";
		};
		CFF3E5E92C12715300ADD8A2 /* FavoriteBookAppUITests */ = {
			isa = PBXNativeTarget;
			buildConfigurationList = CFF3E5FA2C12715300ADD8A2 /* Build configuration list for PBXNativeTarget "FavoriteBookAppUITests" */;
			buildPhases = (
				CFF3E5E62C12715300ADD8A2 /* Sources */,
				CFF3E5E72C12715300ADD8A2 /* Frameworks */,
				CFF3E5E82C12715300ADD8A2 /* Resources */,
			);
			buildRules = (
			);
			dependencies = (
				CFF3E5EC2C12715300ADD8A2 /* PBXTargetDependency */,
			);
			name = FavoriteBookAppUITests;
			productName = FavoriteBookAppUITests;
			productReference = CFF3E5EA2C12715300ADD8A2 /* FavoriteBookAppUITests.xctest */;
			productType = "com.apple.product-type.bundle.ui-testing";
		};
/* End PBXNativeTarget section */

/* Begin PBXProject section */
		CFF3E5C82C12715200ADD8A2 /* Project object */ = {
			isa = PBXProject;
			attributes = {
				BuildIndependentTargetsInParallel = 1;
				LastSwiftUpdateCheck = 1540;
				LastUpgradeCheck = 1540;
				TargetAttributes = {
					CFF3E5CF2C12715200ADD8A2 = {
						CreatedOnToolsVersion = 15.4;
					};
					CFF3E5DF2C12715300ADD8A2 = {
						CreatedOnToolsVersion = 15.4;
						TestTargetID = CFF3E5CF2C12715200ADD8A2;
					};
					CFF3E5E92C12715300ADD8A2 = {
						CreatedOnToolsVersion = 15.4;
						TestTargetID = CFF3E5CF2C12715200ADD8A2;
					};
				};
			};
			buildConfigurationList = CFF3E5CB2C12715200ADD8A2 /* Build configuration list for PBXProject "FavoriteBookApp" */;
			compatibilityVersion = "Xcode 14.0";
			developmentRegion = en;
			hasScannedForEncodings = 0;
			knownRegions = (
				en,
				Base,
			);
			mainGroup = CFF3E5C72C12715200ADD8A2;
			productRefGroup = CFF3E5D12C12715200ADD8A2 /* Products */;
			projectDirPath = "";
			projectRoot = "";
			targets = (
				CFF3E5CF2C12715200ADD8A2 /* FavoriteBookApp */,
				CFF3E5DF2C12715300ADD8A2 /* FavoriteBookAppTests */,
				CFF3E5E92C12715300ADD8A2 /* FavoriteBookAppUITests */,
			);
		};
/* End PBXProject section */

/* Begin PBXResourcesBuildPhase section */
		CFF3E5CE2C12715200ADD8A2 /* Resources */ = {
			isa = PBXResourcesBuildPhase;
			buildActionMask = 2147483647;
			files = (
				CFF3E5DB2C12715300ADD8A2 /* Preview Assets.xcassets in Resources */,
				CFF3E5D82C12715300ADD8A2 /* Assets.xcassets in Resources */,
			);
			runOnlyForDeploymentPostprocessing = 0;
		};
		CFF3E5DE2C12715300ADD8A2 /* Resources */ = {
			isa = PBXResourcesBuildPhase;
			buildActionMask = 2147483647;
			files = (
			);
			runOnlyForDeploymentPostprocessing = 0;
		};
		CFF3E5E82C12715300ADD8A2 /* Resources */ = {
			isa = PBXResourcesBuildPhase;
			buildActionMask = 2147483647;
			files = (
			);
			runOnlyForDeploymentPostprocessing = 0;
		};
/* End PBXResourcesBuildPhase section */

/* Begin PBXSourcesBuildPhase section */
		CFF3E5CC2C12715200ADD8A2 /* Sources */ = {
			isa = PBXSourcesBuildPhase;
			buildActionMask = 2147483647;
			files = (
				CFF3E5FE2C1271BB00ADD8A2 /* FavoriteModel.swift in Sources */,
				CFF3E5D62C12715200ADD8A2 /* ContentView.swift in Sources */,
				CFF3E5D42C12715200ADD8A2 /* FavoriteBookAppApp.swift in Sources */,
				CFF3E6002C12791F00ADD8A2 /* DetailsSwiftUIView.swift in Sources */,
			);
			runOnlyForDeploymentPostprocessing = 0;
		};
		CFF3E5DC2C12715300ADD8A2 /* Sources */ = {
			isa = PBXSourcesBuildPhase;
			buildActionMask = 2147483647;
			files = (
				CFF3E5E52C12715300ADD8A2 /* FavoriteBookAppTests.swift in Sources */,
			);
			runOnlyForDeploymentPostprocessing = 0;
		};
		CFF3E5E62C12715300ADD8A2 /* Sources */ = {
			isa = PBXSourcesBuildPhase;
			buildActionMask = 2147483647;
			files = (
				CFF3E5EF2C12715300ADD8A2 /* FavoriteBookAppUITests.swift in Sources */,
				CFF3E5F12C12715300ADD8A2 /* FavoriteBookAppUITestsLaunchTests.swift in Sources */,
			);
			runOnlyForDeploymentPostprocessing = 0;
		};
/* End PBXSourcesBuildPhase section */

/* Begin PBXTargetDependency section */
		CFF3E5E22C12715300ADD8A2 /* PBXTargetDependency */ = {
			isa = PBXTargetDependency;
			target = CFF3E5CF2C12715200ADD8A2 /* FavoriteBookApp */;
			targetProxy = CFF3E5E12C12715300ADD8A2 /* PBXContainerItemProxy */;
		};
		CFF3E5EC2C12715300ADD8A2 /* PBXTargetDependency */ = {
			isa = PBXTargetDependency;
			target = CFF3E5CF2C12715200ADD8A2 /* FavoriteBookApp */;
			targetProxy = CFF3E5EB2C12715300ADD8A2 /* PBXContainerItemProxy */;
		};
/* End PBXTargetDependency section */

/* Begin XCBuildConfiguration section */
		CFF3E5F22C12715300ADD8A2 /* Debug */ = {
			isa = XCBuildConfiguration;
			buildSettings = {
				ALWAYS_SEARCH_USER_PATHS = NO;
				ASSETCATALOG_COMPILER_GENERATE_SWIFT_ASSET_SYMBOL_EXTENSIONS = YES;
				CLANG_ANALYZER_NONNULL = YES;
				CLANG_ANALYZER_NUMBER_OBJECT_CONVERSION = YES_AGGRESSIVE;
				CLANG_CXX_LANGUAGE_STANDARD = "gnu++20";
				CLANG_ENABLE_MODULES = YES;
				CLANG_ENABLE_OBJC_ARC = YES;
				CLANG_ENABLE_OBJC_WEAK = YES;
				CLANG_WARN_BLOCK_CAPTURE_AUTORELEASING = YES;
				CLANG_WARN_BOOL_CONVERSION = YES;
				CLANG_WARN_COMMA = YES;
				CLANG_WARN_CONSTANT_CONVERSION = YES;
				CLANG_WARN_DEPRECATED_OBJC_IMPLEMENTATIONS = YES;
				CLANG_WARN_DIRECT_OBJC_ISA_USAGE = YES_ERROR;
				CLANG_WARN_DOCUMENTATION_COMMENTS = YES;
				CLANG_WARN_EMPTY_BODY = YES;
				CLANG_WARN_ENUM_CONVERSION = YES;
				CLANG_WARN_INFINITE_RECURSION = YES;
				CLANG_WARN_INT_CONVERSION = YES;
				CLANG_WARN_NON_LITERAL_NULL_CONVERSION = YES;
				CLANG_WARN_OBJC_IMPLICIT_RETAIN_SELF = YES;
				CLANG_WARN_OBJC_LITERAL_CONVERSION = YES;
				CLANG_WARN_OBJC_ROOT_CLASS = YES_ERROR;
				CLANG_WARN_QUOTED_INCLUDE_IN_FRAMEWORK_HEADER = YES;
				CLANG_WARN_RANGE_LOOP_ANALYSIS = YES;
				CLANG_WARN_STRICT_PROTOTYPES = YES;
				CLANG_WARN_SUSPICIOUS_MOVE = YES;
				CLANG_WARN_UNGUARDED_AVAILABILITY = YES_AGGRESSIVE;
				CLANG_WARN_UNREACHABLE_CODE = YES;
				CLANG_WARN__DUPLICATE_METHOD_MATCH = YES;
				COPY_PHASE_STRIP = NO;
				DEBUG_INFORMATION_FORMAT = dwarf;
				ENABLE_STRICT_OBJC_MSGSEND = YES;
				ENABLE_TESTABILITY = YES;
				ENABLE_USER_SCRIPT_SANDBOXING = YES;
				GCC_C_LANGUAGE_STANDARD = gnu17;
				GCC_DYNAMIC_NO_PIC = NO;
				GCC_NO_COMMON_BLOCKS = YES;
				GCC_OPTIMIZATION_LEVEL = 0;
				GCC_PREPROCESSOR_DEFINITIONS = (
					"DEBUG=1",
					"$(inherited)",
				);
				GCC_WARN_64_TO_32_BIT_CONVERSION = YES;
				GCC_WARN_ABOUT_RETURN_TYPE = YES_ERROR;
				GCC_WARN_UNDECLARED_SELECTOR = YES;
				GCC_WARN_UNINITIALIZED_AUTOS = YES_AGGRESSIVE;
				GCC_WARN_UNUSED_FUNCTION = YES;
				GCC_WARN_UNUSED_VARIABLE = YES;
				IPHONEOS_DEPLOYMENT_TARGET = 17.5;
				LOCALIZATION_PREFERS_STRING_CATALOGS = YES;
				MTL_ENABLE_DEBUG_INFO = INCLUDE_SOURCE;
				MTL_FAST_MATH = YES;
				ONLY_ACTIVE_ARCH = YES;
				SDKROOT = iphoneos;
				SWIFT_ACTIVE_COMPILATION_CONDITIONS = "DEBUG $(inherited)";
				SWIFT_OPTIMIZATION_LEVEL = "-Onone";
			};
			name = Debug;
		};
		CFF3E5F32C12715300ADD8A2 /* Release */ = {
			isa = XCBuildConfiguration;
			buildSettings = {
				ALWAYS_SEARCH_USER_PATHS = NO;
				ASSETCATALOG_COMPILER_GENERATE_SWIFT_ASSET_SYMBOL_EXTENSIONS = YES;
				CLANG_ANALYZER_NONNULL = YES;
				CLANG_ANALYZER_NUMBER_OBJECT_CONVERSION = YES_AGGRESSIVE;
				CLANG_CXX_LANGUAGE_STANDARD = "gnu++20";
				CLANG_ENABLE_MODULES = YES;
				CLANG_ENABLE_OBJC_ARC = YES;
				CLANG_ENABLE_OBJC_WEAK = YES;
				CLANG_WARN_BLOCK_CAPTURE_AUTORELEASING = YES;
				CLANG_WARN_BOOL_CONVERSION = YES;
				CLANG_WARN_COMMA = YES;
				CLANG_WARN_CONSTANT_CONVERSION = YES;
				CLANG_WARN_DEPRECATED_OBJC_IMPLEMENTATIONS = YES;
				CLANG_WARN_DIRECT_OBJC_ISA_USAGE = YES_ERROR;
				CLANG_WARN_DOCUMENTATION_COMMENTS = YES;
				CLANG_WARN_EMPTY_BODY = YES;
				CLANG_WARN_ENUM_CONVERSION = YES;
				CLANG_WARN_INFINITE_RECURSION = YES;
				CLANG_WARN_INT_CONVERSION = YES;
				CLANG_WARN_NON_LITERAL_NULL_CONVERSION = YES;
				CLANG_WARN_OBJC_IMPLICIT_RETAIN_SELF = YES;
				CLANG_WARN_OBJC_LITERAL_CONVERSION = YES;
				CLANG_WARN_OBJC_ROOT_CLASS = YES_ERROR;
				CLANG_WARN_QUOTED_INCLUDE_IN_FRAMEWORK_HEADER = YES;
				CLANG_WARN_RANGE_LOOP_ANALYSIS = YES;
				CLANG_WARN_STRICT_PROTOTYPES = YES;
				CLANG_WARN_SUSPICIOUS_MOVE = YES;
				CLANG_WARN_UNGUARDED_AVAILABILITY = YES_AGGRESSIVE;
				CLANG_WARN_UNREACHABLE_CODE = YES;
				CLANG_WARN__DUPLICATE_METHOD_MATCH = YES;
				COPY_PHASE_STRIP = NO;
				DEBUG_INFORMATION_FORMAT = "dwarf-with-dsym";
				ENABLE_NS_ASSERTIONS = NO;
				ENABLE_STRICT_OBJC_MSGSEND = YES;
				ENABLE_USER_SCRIPT_SANDBOXING = YES;
				GCC_C_LANGUAGE_STANDARD = gnu17;
				GCC_NO_COMMON_BLOCKS = YES;
				GCC_WARN_64_TO_32_BIT_CONVERSION = YES;
				GCC_WARN_ABOUT_RETURN_TYPE = YES_ERROR;
				GCC_WARN_UNDECLARED_SELECTOR = YES;
				GCC_WARN_UNINITIALIZED_AUTOS = YES_AGGRESSIVE;
				GCC_WARN_UNUSED_FUNCTION = YES;
				GCC_WARN_UNUSED_VARIABLE = YES;
				IPHONEOS_DEPLOYMENT_TARGET = 17.5;
				LOCALIZATION_PREFERS_STRING_CATALOGS = YES;
				MTL_ENABLE_DEBUG_INFO = NO;
				MTL_FAST_MATH = YES;
				SDKROOT = iphoneos;
				SWIFT_COMPILATION_MODE = wholemodule;
				VALIDATE_PRODUCT = YES;
			};
			name = Release;
		};
		CFF3E5F52C12715300ADD8A2 /* Debug */ = {
			isa = XCBuildConfiguration;
			buildSettings = {
				ASSETCATALOG_COMPILER_APPICON_NAME = AppIcon;
				ASSETCATALOG_COMPILER_GLOBAL_ACCENT_COLOR_NAME = AccentColor;
				CODE_SIGN_STYLE = Automatic;
				CURRENT_PROJECT_VERSION = 1;
				DEVELOPMENT_ASSET_PATHS = "\"FavoriteBookApp/Preview Content\"";
				ENABLE_PREVIEWS = YES;
				GENERATE_INFOPLIST_FILE = YES;
				INFOPLIST_KEY_UIApplicationSceneManifest_Generation = YES;
				INFOPLIST_KEY_UIApplicationSupportsIndirectInputEvents = YES;
				INFOPLIST_KEY_UILaunchScreen_Generation = YES;
				INFOPLIST_KEY_UISupportedInterfaceOrientations_iPad = "UIInterfaceOrientationPortrait UIInterfaceOrientationPortraitUpsideDown UIInterfaceOrientationLandscapeLeft UIInterfaceOrientationLandscapeRight";
				INFOPLIST_KEY_UISupportedInterfaceOrientations_iPhone = "UIInterfaceOrientationPortrait UIInterfaceOrientationLandscapeLeft UIInterfaceOrientationLandscapeRight";
				LD_RUNPATH_SEARCH_PATHS = (
					"$(inherited)",
					"@executable_path/Frameworks",
				);
				MARKETING_VERSION = 1.0;
				PRODUCT_BUNDLE_IDENTIFIER = com.mustafadns.FavoriteBookApp;
				PRODUCT_NAME = "$(TARGET_NAME)";
				SWIFT_EMIT_LOC_STRINGS = YES;
				SWIFT_VERSION = 5.0;
				TARGETED_DEVICE_FAMILY = "1,2";
			};
			name = Debug;
		};
		CFF3E5F62C12715300ADD8A2 /* Release */ = {
			isa = XCBuildConfiguration;
			buildSettings = {
				ASSETCATALOG_COMPILER_APPICON_NAME = AppIcon;
				ASSETCATALOG_COMPILER_GLOBAL_ACCENT_COLOR_NAME = AccentColor;
				CODE_SIGN_STYLE = Automatic;
				CURRENT_PROJECT_VERSION = 1;
				DEVELOPMENT_ASSET_PATHS = "\"FavoriteBookApp/Preview Content\"";
				ENABLE_PREVIEWS = YES;
				GENERATE_INFOPLIST_FILE = YES;
				INFOPLIST_KEY_UIApplicationSceneManifest_Generation = YES;
				INFOPLIST_KEY_UIApplicationSupportsIndirectInputEvents = YES;
				INFOPLIST_KEY_UILaunchScreen_Generation = YES;
				INFOPLIST_KEY_UISupportedInterfaceOrientations_iPad = "UIInterfaceOrientationPortrait UIInterfaceOrientationPortraitUpsideDown UIInterfaceOrientationLandscapeLeft UIInterfaceOrientationLandscapeRight";
				INFOPLIST_KEY_UISupportedInterfaceOrientations_iPhone = "UIInterfaceOrientationPortrait UIInterfaceOrientationLandscapeLeft UIInterfaceOrientationLandscapeRight";
				LD_RUNPATH_SEARCH_PATHS = (
					"$(inherited)",
					"@executable_path/Frameworks",
				);
				MARKETING_VERSION = 1.0;
				PRODUCT_BUNDLE_IDENTIFIER = com.mustafadns.FavoriteBookApp;
				PRODUCT_NAME = "$(TARGET_NAME)";
				SWIFT_EMIT_LOC_STRINGS = YES;
				SWIFT_VERSION = 5.0;
				TARGETED_DEVICE_FAMILY = "1,2";
			};
			name = Release;
		};
		CFF3E5F82C12715300ADD8A2 /* Debug */ = {
			isa = XCBuildConfiguration;
			buildSettings = {
				ALWAYS_EMBED_SWIFT_STANDARD_LIBRARIES = YES;
				BUNDLE_LOADER = "$(TEST_HOST)";
				CODE_SIGN_STYLE = Automatic;
				CURRENT_PROJECT_VERSION = 1;
				GENERATE_INFOPLIST_FILE = YES;
				IPHONEOS_DEPLOYMENT_TARGET = 17.5;
				MARKETING_VERSION = 1.0;
				PRODUCT_BUNDLE_IDENTIFIER = com.mustafadns.FavoriteBookAppTests;
				PRODUCT_NAME = "$(TARGET_NAME)";
				SWIFT_EMIT_LOC_STRINGS = NO;
				SWIFT_VERSION = 5.0;
				TARGETED_DEVICE_FAMILY = "1,2";
				TEST_HOST = "$(BUILT_PRODUCTS_DIR)/FavoriteBookApp.app/$(BUNDLE_EXECUTABLE_FOLDER_PATH)/FavoriteBookApp";
			};
			name = Debug;
		};
		CFF3E5F92C12715300ADD8A2 /* Release */ = {
			isa = XCBuildConfiguration;
			buildSettings = {
				ALWAYS_EMBED_SWIFT_STANDARD_LIBRARIES = YES;
				BUNDLE_LOADER = "$(TEST_HOST)";
				CODE_SIGN_STYLE = Automatic;
				CURRENT_PROJECT_VERSION = 1;
				GENERATE_INFOPLIST_FILE = YES;
				IPHONEOS_DEPLOYMENT_TARGET = 17.5;
				MARKETING_VERSION = 1.0;
				PRODUCT_BUNDLE_IDENTIFIER = com.mustafadns.FavoriteBookAppTests;
				PRODUCT_NAME = "$(TARGET_NAME)";
				SWIFT_EMIT_LOC_STRINGS = NO;
				SWIFT_VERSION = 5.0;
				TARGETED_DEVICE_FAMILY = "1,2";
				TEST_HOST = "$(BUILT_PRODUCTS_DIR)/FavoriteBookApp.app/$(BUNDLE_EXECUTABLE_FOLDER_PATH)/FavoriteBookApp";
			};
			name = Release;
		};
		CFF3E5FB2C12715300ADD8A2 /* Debug */ = {
			isa = XCBuildConfiguration;
			buildSettings = {
				ALWAYS_EMBED_SWIFT_STANDARD_LIBRARIES = YES;
				CODE_SIGN_STYLE = Automatic;
				CURRENT_PROJECT_VERSION = 1;
				GENERATE_INFOPLIST_FILE = YES;
				MARKETING_VERSION = 1.0;
				PRODUCT_BUNDLE_IDENTIFIER = com.mustafadns.FavoriteBookAppUITests;
				PRODUCT_NAME = "$(TARGET_NAME)";
				SWIFT_EMIT_LOC_STRINGS = NO;
				SWIFT_VERSION = 5.0;
				TARGETED_DEVICE_FAMILY = "1,2";
				TEST_TARGET_NAME = FavoriteBookApp;
			};
			name = Debug;
		};
		CFF3E5FC2C12715300ADD8A2 /* Release */ = {
			isa = XCBuildConfiguration;
			buildSettings = {
				ALWAYS_EMBED_SWIFT_STANDARD_LIBRARIES = YES;
				CODE_SIGN_STYLE = Automatic;
				CURRENT_PROJECT_VERSION = 1;
				GENERATE_INFOPLIST_FILE = YES;
				MARKETING_VERSION = 1.0;
				PRODUCT_BUNDLE_IDENTIFIER = com.mustafadns.FavoriteBookAppUITests;
				PRODUCT_NAME = "$(TARGET_NAME)";
				SWIFT_EMIT_LOC_STRINGS = NO;
				SWIFT_VERSION = 5.0;
				TARGETED_DEVICE_FAMILY = "1,2";
				TEST_TARGET_NAME = FavoriteBookApp;
			};
			name = Release;
		};
/* End XCBuildConfiguration section */

/* Begin XCConfigurationList section */
		CFF3E5CB2C12715200ADD8A2 /* Build configuration list for PBXProject "FavoriteBookApp" */ = {
			isa = XCConfigurationList;
			buildConfigurations = (
				CFF3E5F22C12715300ADD8A2 /* Debug */,
				CFF3E5F32C12715300ADD8A2 /* Release */,
			);
			defaultConfigurationIsVisible = 0;
			defaultConfigurationName = Release;
		};
		CFF3E5F42C12715300ADD8A2 /* Build configuration list for PBXNativeTarget "FavoriteBookApp" */ = {
			isa = XCConfigurationList;
			buildConfigurations = (
				CFF3E5F52C12715300ADD8A2 /* Debug */,
				CFF3E5F62C12715300ADD8A2 /* Release */,
			);
			defaultConfigurationIsVisible = 0;
			defaultConfigurationName = Release;
		};
		CFF3E5F72C12715300ADD8A2 /* Build configuration list for PBXNativeTarget "FavoriteBookAppTests" */ = {
			isa = XCConfigurationList;
			buildConfigurations = (
				CFF3E5F82C12715300ADD8A2 /* Debug */,
				CFF3E5F92C12715300ADD8A2 /* Release */,
			);
			defaultConfigurationIsVisible = 0;
			defaultConfigurationName = Release;
		};
		CFF3E5FA2C12715300ADD8A2 /* Build configuration list for PBXNativeTarget "FavoriteBookAppUITests" */ = {
			isa = XCConfigurationList;
			buildConfigurations = (
				CFF3E5FB2C12715300ADD8A2 /* Debug */,
				CFF3E5FC2C12715300ADD8A2 /* Release */,
			);
			defaultConfigurationIsVisible = 0;
			defaultConfigurationName = Release;
		};
/* End XCConfigurationList section */
	};
	rootObject = CFF3E5C82C12715200ADD8A2 /* Project object */;
}
