// !$*UTF8*$!
{
	archiveVersion = 1;
	classes = {
	};
	objectVersion = 56;
	objects = {

/* Begin PBXBuildFile section */
		CF8A4A342C1B5A4F002B984D /* CryptoCrazySwiftUIApp.swift in Sources */ = {isa = PBXBuildFile; fileRef = CF8A4A332C1B5A4F002B984D /* CryptoCrazySwiftUIApp.swift */; };
		CF8A4A362C1B5A4F002B984D /* MainView.swift in Sources */ = {isa = PBXBuildFile; fileRef = CF8A4A352C1B5A4F002B984D /* MainView.swift */; };
		CF8A4A382C1B5A50002B984D /* Assets.xcassets in Resources */ = {isa = PBXBuildFile; fileRef = CF8A4A372C1B5A50002B984D /* Assets.xcassets */; };
		CF8A4A3B2C1B5A50002B984D /* Preview Assets.xcassets in Resources */ = {isa = PBXBuildFile; fileRef = CF8A4A3A2C1B5A50002B984D /* Preview Assets.xcassets */; };
		CF8A4A482C1B5CA9002B984D /* CryptoCurrency.swift in Sources */ = {isa = PBXBuildFile; fileRef = CF8A4A472C1B5CA9002B984D /* CryptoCurrency.swift */; };
		CF8A4A4A2C1B5EEF002B984D /* WebService.swift in Sources */ = {isa = PBXBuildFile; fileRef = CF8A4A492C1B5EEF002B984D /* WebService.swift */; };
		CF8A4A4C2C1B62F9002B984D /* CryptoViewModel.swift in Sources */ = {isa = PBXBuildFile; fileRef = CF8A4A4B2C1B62F9002B984D /* CryptoViewModel.swift */; };
/* End PBXBuildFile section */

/* Begin PBXFileReference section */
		CF8A4A302C1B5A4F002B984D /* CryptoCrazySwiftUI.app */ = {isa = PBXFileReference; explicitFileType = wrapper.application; includeInIndex = 0; path = CryptoCrazySwiftUI.app; sourceTree = BUILT_PRODUCTS_DIR; };
		CF8A4A332C1B5A4F002B984D /* CryptoCrazySwiftUIApp.swift */ = {isa = PBXFileReference; lastKnownFileType = sourcecode.swift; path = CryptoCrazySwiftUIApp.swift; sourceTree = "<group>"; };
		CF8A4A352C1B5A4F002B984D /* MainView.swift */ = {isa = PBXFileReference; lastKnownFileType = sourcecode.swift; path = MainView.swift; sourceTree = "<group>"; };
		CF8A4A372C1B5A50002B984D /* Assets.xcassets */ = {isa = PBXFileReference; lastKnownFileType = folder.assetcatalog; path = Assets.xcassets; sourceTree = "<group>"; };
		CF8A4A3A2C1B5A50002B984D /* Preview Assets.xcassets */ = {isa = PBXFileReference; lastKnownFileType = folder.assetcatalog; path = "Preview Assets.xcassets"; sourceTree = "<group>"; };
		CF8A4A472C1B5CA9002B984D /* CryptoCurrency.swift */ = {isa = PBXFileReference; lastKnownFileType = sourcecode.swift; path = CryptoCurrency.swift; sourceTree = "<group>"; };
		CF8A4A492C1B5EEF002B984D /* WebService.swift */ = {isa = PBXFileReference; lastKnownFileType = sourcecode.swift; path = WebService.swift; sourceTree = "<group>"; };
		CF8A4A4B2C1B62F9002B984D /* CryptoViewModel.swift */ = {isa = PBXFileReference; lastKnownFileType = sourcecode.swift; path = CryptoViewModel.swift; sourceTree = "<group>"; };
/* End PBXFileReference section */

/* Begin PBXFrameworksBuildPhase section */
		CF8A4A2D2C1B5A4F002B984D /* Frameworks */ = {
			isa = PBXFrameworksBuildPhase;
			buildActionMask = 2147483647;
			files = (
			);
			runOnlyForDeploymentPostprocessing = 0;
		};
/* End PBXFrameworksBuildPhase section */

/* Begin PBXGroup section */
		CF8A4A272C1B5A4F002B984D = {
			isa = PBXGroup;
			children = (
				CF8A4A322C1B5A4F002B984D /* CryptoCrazySwiftUI */,
				CF8A4A312C1B5A4F002B984D /* Products */,
			);
			sourceTree = "<group>";
		};
		CF8A4A312C1B5A4F002B984D /* Products */ = {
			isa = PBXGroup;
			children = (
				CF8A4A302C1B5A4F002B984D /* CryptoCrazySwiftUI.app */,
			);
			name = Products;
			sourceTree = "<group>";
		};
		CF8A4A322C1B5A4F002B984D /* CryptoCrazySwiftUI */ = {
			isa = PBXGroup;
			children = (
				CF8A4A462C1B5C8D002B984D /* Model */,
				CF8A4A452C1B5BC6002B984D /* View */,
				CF8A4A442C1B5BBB002B984D /* ViewModal */,
				CF8A4A412C1B5B98002B984D /* Service */,
				CF8A4A332C1B5A4F002B984D /* CryptoCrazySwiftUIApp.swift */,
				CF8A4A352C1B5A4F002B984D /* MainView.swift */,
				CF8A4A372C1B5A50002B984D /* Assets.xcassets */,
				CF8A4A392C1B5A50002B984D /* Preview Content */,
			);
			path = CryptoCrazySwiftUI;
			sourceTree = "<group>";
		};
		CF8A4A392C1B5A50002B984D /* Preview Content */ = {
			isa = PBXGroup;
			children = (
				CF8A4A3A2C1B5A50002B984D /* Preview Assets.xcassets */,
			);
			path = "Preview Content";
			sourceTree = "<group>";
		};
		CF8A4A412C1B5B98002B984D /* Service */ = {
			isa = PBXGroup;
			children = (
				CF8A4A492C1B5EEF002B984D /* WebService.swift */,
			);
			path = Service;
			sourceTree = "<group>";
		};
		CF8A4A442C1B5BBB002B984D /* ViewModal */ = {
			isa = PBXGroup;
			children = (
				CF8A4A4B2C1B62F9002B984D /* CryptoViewModel.swift */,
			);
			path = ViewModal;
			sourceTree = "<group>";
		};
		CF8A4A452C1B5BC6002B984D /* View */ = {
			isa = PBXGroup;
			children = (
			);
			path = View;
			sourceTree = "<group>";
		};
		CF8A4A462C1B5C8D002B984D /* Model */ = {
			isa = PBXGroup;
			children = (
				CF8A4A472C1B5CA9002B984D /* CryptoCurrency.swift */,
			);
			path = Model;
			sourceTree = "<group>";
		};
/* End PBXGroup section */

/* Begin PBXNativeTarget section */
		CF8A4A2F2C1B5A4F002B984D /* CryptoCrazySwiftUI */ = {
			isa = PBXNativeTarget;
			buildConfigurationList = CF8A4A3E2C1B5A50002B984D /* Build configuration list for PBXNativeTarget "CryptoCrazySwiftUI" */;
			buildPhases = (
				CF8A4A2C2C1B5A4F002B984D /* Sources */,
				CF8A4A2D2C1B5A4F002B984D /* Frameworks */,
				CF8A4A2E2C1B5A4F002B984D /* Resources */,
			);
			buildRules = (
			);
			dependencies = (
			);
			name = CryptoCrazySwiftUI;
			productName = CryptoCrazySwiftUI;
			productReference = CF8A4A302C1B5A4F002B984D /* CryptoCrazySwiftUI.app */;
			productType = "com.apple.product-type.application";
		};
/* End PBXNativeTarget section */

/* Begin PBXProject section */
		CF8A4A282C1B5A4F002B984D /* Project object */ = {
			isa = PBXProject;
			attributes = {
				BuildIndependentTargetsInParallel = 1;
				LastSwiftUpdateCheck = 1540;
				LastUpgradeCheck = 1540;
				TargetAttributes = {
					CF8A4A2F2C1B5A4F002B984D = {
						CreatedOnToolsVersion = 15.4;
					};
				};
			};
			buildConfigurationList = CF8A4A2B2C1B5A4F002B984D /* Build configuration list for PBXProject "CryptoCrazySwiftUI" */;
			compatibilityVersion = "Xcode 14.0";
			developmentRegion = en;
			hasScannedForEncodings = 0;
			knownRegions = (
				en,
				Base,
			);
			mainGroup = CF8A4A272C1B5A4F002B984D;
			productRefGroup = CF8A4A312C1B5A4F002B984D /* Products */;
			projectDirPath = "";
			projectRoot = "";
			targets = (
				CF8A4A2F2C1B5A4F002B984D /* CryptoCrazySwiftUI */,
			);
		};
/* End PBXProject section */

/* Begin PBXResourcesBuildPhase section */
		CF8A4A2E2C1B5A4F002B984D /* Resources */ = {
			isa = PBXResourcesBuildPhase;
			buildActionMask = 2147483647;
			files = (
				CF8A4A3B2C1B5A50002B984D /* Preview Assets.xcassets in Resources */,
				CF8A4A382C1B5A50002B984D /* Assets.xcassets in Resources */,
			);
			runOnlyForDeploymentPostprocessing = 0;
		};
/* End PBXResourcesBuildPhase section */

/* Begin PBXSourcesBuildPhase section */
		CF8A4A2C2C1B5A4F002B984D /* Sources */ = {
			isa = PBXSourcesBuildPhase;
			buildActionMask = 2147483647;
			files = (
				CF8A4A362C1B5A4F002B984D /* MainView.swift in Sources */,
				CF8A4A482C1B5CA9002B984D /* CryptoCurrency.swift in Sources */,
				CF8A4A4A2C1B5EEF002B984D /* WebService.swift in Sources */,
				CF8A4A342C1B5A4F002B984D /* CryptoCrazySwiftUIApp.swift in Sources */,
				CF8A4A4C2C1B62F9002B984D /* CryptoViewModel.swift in Sources */,
			);
			runOnlyForDeploymentPostprocessing = 0;
		};
/* End PBXSourcesBuildPhase section */

/* Begin XCBuildConfiguration section */
		CF8A4A3C2C1B5A50002B984D /* Debug */ = {
			isa = XCBuildConfiguration;
			buildSettings = {
				ALWAYS_SEARCH_USER_PATHS = NO;
				ASSETCATALOG_COMPILER_GENERATE_SWIFT_ASSET_SYMBOL_EXTENSIONS = YES;
				CLANG_ANALYZER_NONNULL = YES;
				CLANG_ANALYZER_NUMBER_OBJECT_CONVERSION = YES_AGGRESSIVE;
				CLANG_CXX_LANGUAGE_STANDARD = "gnu++20";
				CLANG_ENABLE_MODULES = YES;
				CLANG_ENABLE_OBJC_ARC = YES;
				CLANG_ENABLE_OBJC_WEAK = YES;
				CLANG_WARN_BLOCK_CAPTURE_AUTORELEASING = YES;
				CLANG_WARN_BOOL_CONVERSION = YES;
				CLANG_WARN_COMMA = YES;
				CLANG_WARN_CONSTANT_CONVERSION = YES;
				CLANG_WARN_DEPRECATED_OBJC_IMPLEMENTATIONS = YES;
				CLANG_WARN_DIRECT_OBJC_ISA_USAGE = YES_ERROR;
				CLANG_WARN_DOCUMENTATION_COMMENTS = YES;
				CLANG_WARN_EMPTY_BODY = YES;
				CLANG_WARN_ENUM_CONVERSION = YES;
				CLANG_WARN_INFINITE_RECURSION = YES;
				CLANG_WARN_INT_CONVERSION = YES;
				CLANG_WARN_NON_LITERAL_NULL_CONVERSION = YES;
				CLANG_WARN_OBJC_IMPLICIT_RETAIN_SELF = YES;
				CLANG_WARN_OBJC_LITERAL_CONVERSION = YES;
				CLANG_WARN_OBJC_ROOT_CLASS = YES_ERROR;
				CLANG_WARN_QUOTED_INCLUDE_IN_FRAMEWORK_HEADER = YES;
				CLANG_WARN_RANGE_LOOP_ANALYSIS = YES;
				CLANG_WARN_STRICT_PROTOTYPES = YES;
				CLANG_WARN_SUSPICIOUS_MOVE = YES;
				CLANG_WARN_UNGUARDED_AVAILABILITY = YES_AGGRESSIVE;
				CLANG_WARN_UNREACHABLE_CODE = YES;
				CLANG_WARN__DUPLICATE_METHOD_MATCH = YES;
				COPY_PHASE_STRIP = NO;
				DEBUG_INFORMATION_FORMAT = dwarf;
				ENABLE_STRICT_OBJC_MSGSEND = YES;
				ENABLE_TESTABILITY = YES;
				ENABLE_USER_SCRIPT_SANDBOXING = YES;
				GCC_C_LANGUAGE_STANDARD = gnu17;
				GCC_DYNAMIC_NO_PIC = NO;
				GCC_NO_COMMON_BLOCKS = YES;
				GCC_OPTIMIZATION_LEVEL = 0;
				GCC_PREPROCESSOR_DEFINITIONS = (
					"DEBUG=1",
					"$(inherited)",
				);
				GCC_WARN_64_TO_32_BIT_CONVERSION = YES;
				GCC_WARN_ABOUT_RETURN_TYPE = YES_ERROR;
				GCC_WARN_UNDECLARED_SELECTOR = YES;
				GCC_WARN_UNINITIALIZED_AUTOS = YES_AGGRESSIVE;
				GCC_WARN_UNUSED_FUNCTION = YES;
				GCC_WARN_UNUSED_VARIABLE = YES;
				IPHONEOS_DEPLOYMENT_TARGET = 17.5;
				LOCALIZATION_PREFERS_STRING_CATALOGS = YES;
				MTL_ENABLE_DEBUG_INFO = INCLUDE_SOURCE;
				MTL_FAST_MATH = YES;
				ONLY_ACTIVE_ARCH = YES;
				SDKROOT = iphoneos;
				SWIFT_ACTIVE_COMPILATION_CONDITIONS = "DEBUG $(inherited)";
				SWIFT_OPTIMIZATION_LEVEL = "-Onone";
			};
			name = Debug;
		};
		CF8A4A3D2C1B5A50002B984D /* Release */ = {
			isa = XCBuildConfiguration;
			buildSettings = {
				ALWAYS_SEARCH_USER_PATHS = NO;
				ASSETCATALOG_COMPILER_GENERATE_SWIFT_ASSET_SYMBOL_EXTENSIONS = YES;
				CLANG_ANALYZER_NONNULL = YES;
				CLANG_ANALYZER_NUMBER_OBJECT_CONVERSION = YES_AGGRESSIVE;
				CLANG_CXX_LANGUAGE_STANDARD = "gnu++20";
				CLANG_ENABLE_MODULES = YES;
				CLANG_ENABLE_OBJC_ARC = YES;
				CLANG_ENABLE_OBJC_WEAK = YES;
				CLANG_WARN_BLOCK_CAPTURE_AUTORELEASING = YES;
				CLANG_WARN_BOOL_CONVERSION = YES;
				CLANG_WARN_COMMA = YES;
				CLANG_WARN_CONSTANT_CONVERSION = YES;
				CLANG_WARN_DEPRECATED_OBJC_IMPLEMENTATIONS = YES;
				CLANG_WARN_DIRECT_OBJC_ISA_USAGE = YES_ERROR;
				CLANG_WARN_DOCUMENTATION_COMMENTS = YES;
				CLANG_WARN_EMPTY_BODY = YES;
				CLANG_WARN_ENUM_CONVERSION = YES;
				CLANG_WARN_INFINITE_RECURSION = YES;
				CLANG_WARN_INT_CONVERSION = YES;
				CLANG_WARN_NON_LITERAL_NULL_CONVERSION = YES;
				CLANG_WARN_OBJC_IMPLICIT_RETAIN_SELF = YES;
				CLANG_WARN_OBJC_LITERAL_CONVERSION = YES;
				CLANG_WARN_OBJC_ROOT_CLASS = YES_ERROR;
				CLANG_WARN_QUOTED_INCLUDE_IN_FRAMEWORK_HEADER = YES;
				CLANG_WARN_RANGE_LOOP_ANALYSIS = YES;
				CLANG_WARN_STRICT_PROTOTYPES = YES;
				CLANG_WARN_SUSPICIOUS_MOVE = YES;
				CLANG_WARN_UNGUARDED_AVAILABILITY = YES_AGGRESSIVE;
				CLANG_WARN_UNREACHABLE_CODE = YES;
				CLANG_WARN__DUPLICATE_METHOD_MATCH = YES;
				COPY_PHASE_STRIP = NO;
				DEBUG_INFORMATION_FORMAT = "dwarf-with-dsym";
				ENABLE_NS_ASSERTIONS = NO;
				ENABLE_STRICT_OBJC_MSGSEND = YES;
				ENABLE_USER_SCRIPT_SANDBOXING = YES;
				GCC_C_LANGUAGE_STANDARD = gnu17;
				GCC_NO_COMMON_BLOCKS = YES;
				GCC_WARN_64_TO_32_BIT_CONVERSION = YES;
				GCC_WARN_ABOUT_RETURN_TYPE = YES_ERROR;
				GCC_WARN_UNDECLARED_SELECTOR = YES;
				GCC_WARN_UNINITIALIZED_AUTOS = YES_AGGRESSIVE;
				GCC_WARN_UNUSED_FUNCTION = YES;
				GCC_WARN_UNUSED_VARIABLE = YES;
				IPHONEOS_DEPLOYMENT_TARGET = 17.5;
				LOCALIZATION_PREFERS_STRING_CATALOGS = YES;
				MTL_ENABLE_DEBUG_INFO = NO;
				MTL_FAST_MATH = YES;
				SDKROOT = iphoneos;
				SWIFT_COMPILATION_MODE = wholemodule;
				VALIDATE_PRODUCT = YES;
			};
			name = Release;
		};
		CF8A4A3F2C1B5A50002B984D /* Debug */ = {
			isa = XCBuildConfiguration;
			buildSettings = {
				ASSETCATALOG_COMPILER_APPICON_NAME = AppIcon;
				ASSETCATALOG_COMPILER_GLOBAL_ACCENT_COLOR_NAME = AccentColor;
				CODE_SIGN_STYLE = Automatic;
				CURRENT_PROJECT_VERSION = 1;
				DEVELOPMENT_ASSET_PATHS = "\"CryptoCrazySwiftUI/Preview Content\"";
				ENABLE_PREVIEWS = YES;
				GENERATE_INFOPLIST_FILE = YES;
				INFOPLIST_KEY_UIApplicationSceneManifest_Generation = YES;
				INFOPLIST_KEY_UIApplicationSupportsIndirectInputEvents = YES;
				INFOPLIST_KEY_UILaunchScreen_Generation = YES;
				INFOPLIST_KEY_UISupportedInterfaceOrientations_iPad = "UIInterfaceOrientationPortrait UIInterfaceOrientationPortraitUpsideDown UIInterfaceOrientationLandscapeLeft UIInterfaceOrientationLandscapeRight";
				INFOPLIST_KEY_UISupportedInterfaceOrientations_iPhone = "UIInterfaceOrientationPortrait UIInterfaceOrientationLandscapeLeft UIInterfaceOrientationLandscapeRight";
				LD_RUNPATH_SEARCH_PATHS = (
					"$(inherited)",
					"@executable_path/Frameworks",
				);
				MARKETING_VERSION = 1.0;
				PRODUCT_BUNDLE_IDENTIFIER = com.mustafadns.CryptoCrazySwiftUI;
				PRODUCT_NAME = "$(TARGET_NAME)";
				SWIFT_EMIT_LOC_STRINGS = YES;
				SWIFT_VERSION = 5.0;
				TARGETED_DEVICE_FAMILY = "1,2";
			};
			name = Debug;
		};
		CF8A4A402C1B5A50002B984D /* Release */ = {
			isa = XCBuildConfiguration;
			buildSettings = {
				ASSETCATALOG_COMPILER_APPICON_NAME = AppIcon;
				ASSETCATALOG_COMPILER_GLOBAL_ACCENT_COLOR_NAME = AccentColor;
				CODE_SIGN_STYLE = Automatic;
				CURRENT_PROJECT_VERSION = 1;
				DEVELOPMENT_ASSET_PATHS = "\"CryptoCrazySwiftUI/Preview Content\"";
				ENABLE_PREVIEWS = YES;
				GENERATE_INFOPLIST_FILE = YES;
				INFOPLIST_KEY_UIApplicationSceneManifest_Generation = YES;
				INFOPLIST_KEY_UIApplicationSupportsIndirectInputEvents = YES;
				INFOPLIST_KEY_UILaunchScreen_Generation = YES;
				INFOPLIST_KEY_UISupportedInterfaceOrientations_iPad = "UIInterfaceOrientationPortrait UIInterfaceOrientationPortraitUpsideDown UIInterfaceOrientationLandscapeLeft UIInterfaceOrientationLandscapeRight";
				INFOPLIST_KEY_UISupportedInterfaceOrientations_iPhone = "UIInterfaceOrientationPortrait UIInterfaceOrientationLandscapeLeft UIInterfaceOrientationLandscapeRight";
				LD_RUNPATH_SEARCH_PATHS = (
					"$(inherited)",
					"@executable_path/Frameworks",
				);
				MARKETING_VERSION = 1.0;
				PRODUCT_BUNDLE_IDENTIFIER = com.mustafadns.CryptoCrazySwiftUI;
				PRODUCT_NAME = "$(TARGET_NAME)";
				SWIFT_EMIT_LOC_STRINGS = YES;
				SWIFT_VERSION = 5.0;
				TARGETED_DEVICE_FAMILY = "1,2";
			};
			name = Release;
		};
/* End XCBuildConfiguration section */

/* Begin XCConfigurationList section */
		CF8A4A2B2C1B5A4F002B984D /* Build configuration list for PBXProject "CryptoCrazySwiftUI" */ = {
			isa = XCConfigurationList;
			buildConfigurations = (
				CF8A4A3C2C1B5A50002B984D /* Debug */,
				CF8A4A3D2C1B5A50002B984D /* Release */,
			);
			defaultConfigurationIsVisible = 0;
			defaultConfigurationName = Release;
		};
		CF8A4A3E2C1B5A50002B984D /* Build configuration list for PBXNativeTarget "CryptoCrazySwiftUI" */ = {
			isa = XCConfigurationList;
			buildConfigurations = (
				CF8A4A3F2C1B5A50002B984D /* Debug */,
				CF8A4A402C1B5A50002B984D /* Release */,
			);
			defaultConfigurationIsVisible = 0;
			defaultConfigurationName = Release;
		};
/* End XCConfigurationList section */
	};
	rootObject = CF8A4A282C1B5A4F002B984D /* Project object */;
}
