// !$*UTF8*$!
{
	archiveVersion = 1;
	classes = {
	};
	objectVersion = 56;
	objects = {

/* Begin PBXBuildFile section */
		CF572C472C1E48EC003D25DB /* AppDelegate.swift in Sources */ = {isa = PBXBuildFile; fileRef = CF572C462C1E48EC003D25DB /* AppDelegate.swift */; };
		CF572C492C1E48EC003D25DB /* SceneDelegate.swift in Sources */ = {isa = PBXBuildFile; fileRef = CF572C482C1E48EC003D25DB /* SceneDelegate.swift */; };
		CF572C4B2C1E48EC003D25DB /* UserViewController.swift in Sources */ = {isa = PBXBuildFile; fileRef = CF572C4A2C1E48EC003D25DB /* UserViewController.swift */; };
		CF572C502C1E48ED003D25DB /* Assets.xcassets in Resources */ = {isa = PBXBuildFile; fileRef = CF572C4F2C1E48ED003D25DB /* Assets.xcassets */; };
		CF572C532C1E48ED003D25DB /* Base in Resources */ = {isa = PBXBuildFile; fileRef = CF572C522C1E48ED003D25DB /* Base */; };
		CF572C5E2C1E48ED003D25DB /* ProtocolOrientedUIKitTests.swift in Sources */ = {isa = PBXBuildFile; fileRef = CF572C5D2C1E48ED003D25DB /* ProtocolOrientedUIKitTests.swift */; };
		CF572C682C1E48ED003D25DB /* ProtocolOrientedUIKitUITests.swift in Sources */ = {isa = PBXBuildFile; fileRef = CF572C672C1E48ED003D25DB /* ProtocolOrientedUIKitUITests.swift */; };
		CF572C6A2C1E48ED003D25DB /* ProtocolOrientedUIKitUITestsLaunchTests.swift in Sources */ = {isa = PBXBuildFile; fileRef = CF572C692C1E48ED003D25DB /* ProtocolOrientedUIKitUITestsLaunchTests.swift */; };
		CF572C782C1E4EA0003D25DB /* User.swift in Sources */ = {isa = PBXBuildFile; fileRef = CF572C772C1E4E9F003D25DB /* User.swift */; };
		CF572C7B2C1E4F25003D25DB /* APIManager.swift in Sources */ = {isa = PBXBuildFile; fileRef = CF572C7A2C1E4F25003D25DB /* APIManager.swift */; };
		CF572C7F2C1E5A74003D25DB /* UserViewModel.swift in Sources */ = {isa = PBXBuildFile; fileRef = CF572C7E2C1E5A74003D25DB /* UserViewModel.swift */; };
		CF572C812C1E5B1B003D25DB /* UserService.swift in Sources */ = {isa = PBXBuildFile; fileRef = CF572C802C1E5B1B003D25DB /* UserService.swift */; };
		CF572C832C1E5EE0003D25DB /* UserViewModelOutput.swift in Sources */ = {isa = PBXBuildFile; fileRef = CF572C822C1E5EE0003D25DB /* UserViewModelOutput.swift */; };
/* End PBXBuildFile section */

/* Begin PBXContainerItemProxy section */
		CF572C5A2C1E48ED003D25DB /* PBXContainerItemProxy */ = {
			isa = PBXContainerItemProxy;
			containerPortal = CF572C3B2C1E48EC003D25DB /* Project object */;
			proxyType = 1;
			remoteGlobalIDString = CF572C422C1E48EC003D25DB;
			remoteInfo = ProtocolOrientedUIKit;
		};
		CF572C642C1E48ED003D25DB /* PBXContainerItemProxy */ = {
			isa = PBXContainerItemProxy;
			containerPortal = CF572C3B2C1E48EC003D25DB /* Project object */;
			proxyType = 1;
			remoteGlobalIDString = CF572C422C1E48EC003D25DB;
			remoteInfo = ProtocolOrientedUIKit;
		};
/* End PBXContainerItemProxy section */

/* Begin PBXFileReference section */
		CF572C432C1E48EC003D25DB /* ProtocolOrientedUIKit.app */ = {isa = PBXFileReference; explicitFileType = wrapper.application; includeInIndex = 0; path = ProtocolOrientedUIKit.app; sourceTree = BUILT_PRODUCTS_DIR; };
		CF572C462C1E48EC003D25DB /* AppDelegate.swift */ = {isa = PBXFileReference; lastKnownFileType = sourcecode.swift; path = AppDelegate.swift; sourceTree = "<group>"; };
		CF572C482C1E48EC003D25DB /* SceneDelegate.swift */ = {isa = PBXFileReference; lastKnownFileType = sourcecode.swift; path = SceneDelegate.swift; sourceTree = "<group>"; };
		CF572C4A2C1E48EC003D25DB /* UserViewController.swift */ = {isa = PBXFileReference; lastKnownFileType = sourcecode.swift; path = UserViewController.swift; sourceTree = "<group>"; };
		CF572C4F2C1E48ED003D25DB /* Assets.xcassets */ = {isa = PBXFileReference; lastKnownFileType = folder.assetcatalog; path = Assets.xcassets; sourceTree = "<group>"; };
		CF572C522C1E48ED003D25DB /* Base */ = {isa = PBXFileReference; lastKnownFileType = file.storyboard; name = Base; path = Base.lproj/LaunchScreen.storyboard; sourceTree = "<group>"; };
		CF572C542C1E48ED003D25DB /* Info.plist */ = {isa = PBXFileReference; lastKnownFileType = text.plist.xml; path = Info.plist; sourceTree = "<group>"; };
		CF572C592C1E48ED003D25DB /* ProtocolOrientedUIKitTests.xctest */ = {isa = PBXFileReference; explicitFileType = wrapper.cfbundle; includeInIndex = 0; path = ProtocolOrientedUIKitTests.xctest; sourceTree = BUILT_PRODUCTS_DIR; };
		CF572C5D2C1E48ED003D25DB /* ProtocolOrientedUIKitTests.swift */ = {isa = PBXFileReference; lastKnownFileType = sourcecode.swift; path = ProtocolOrientedUIKitTests.swift; sourceTree = "<group>"; };
		CF572C632C1E48ED003D25DB /* ProtocolOrientedUIKitUITests.xctest */ = {isa = PBXFileReference; explicitFileType = wrapper.cfbundle; includeInIndex = 0; path = ProtocolOrientedUIKitUITests.xctest; sourceTree = BUILT_PRODUCTS_DIR; };
		CF572C672C1E48ED003D25DB /* ProtocolOrientedUIKitUITests.swift */ = {isa = PBXFileReference; lastKnownFileType = sourcecode.swift; path = ProtocolOrientedUIKitUITests.swift; sourceTree = "<group>"; };
		CF572C692C1E48ED003D25DB /* ProtocolOrientedUIKitUITestsLaunchTests.swift */ = {isa = PBXFileReference; lastKnownFileType = sourcecode.swift; path = ProtocolOrientedUIKitUITestsLaunchTests.swift; sourceTree = "<group>"; };
		CF572C772C1E4E9F003D25DB /* User.swift */ = {isa = PBXFileReference; lastKnownFileType = sourcecode.swift; path = User.swift; sourceTree = "<group>"; };
		CF572C7A2C1E4F25003D25DB /* APIManager.swift */ = {isa = PBXFileReference; lastKnownFileType = sourcecode.swift; path = APIManager.swift; sourceTree = "<group>"; };
		CF572C7E2C1E5A74003D25DB /* UserViewModel.swift */ = {isa = PBXFileReference; lastKnownFileType = sourcecode.swift; path = UserViewModel.swift; sourceTree = "<group>"; };
		CF572C802C1E5B1B003D25DB /* UserService.swift */ = {isa = PBXFileReference; lastKnownFileType = sourcecode.swift; path = UserService.swift; sourceTree = "<group>"; };
		CF572C822C1E5EE0003D25DB /* UserViewModelOutput.swift */ = {isa = PBXFileReference; lastKnownFileType = sourcecode.swift; path = UserViewModelOutput.swift; sourceTree = "<group>"; };
/* End PBXFileReference section */

/* Begin PBXFrameworksBuildPhase section */
		CF572C402C1E48EC003D25DB /* Frameworks */ = {
			isa = PBXFrameworksBuildPhase;
			buildActionMask = 2147483647;
			files = (
			);
			runOnlyForDeploymentPostprocessing = 0;
		};
		CF572C562C1E48ED003D25DB /* Frameworks */ = {
			isa = PBXFrameworksBuildPhase;
			buildActionMask = 2147483647;
			files = (
			);
			runOnlyForDeploymentPostprocessing = 0;
		};
		CF572C602C1E48ED003D25DB /* Frameworks */ = {
			isa = PBXFrameworksBuildPhase;
			buildActionMask = 2147483647;
			files = (
			);
			runOnlyForDeploymentPostprocessing = 0;
		};
/* End PBXFrameworksBuildPhase section */

/* Begin PBXGroup section */
		CF572C3A2C1E48EC003D25DB = {
			isa = PBXGroup;
			children = (
				CF572C452C1E48EC003D25DB /* ProtocolOrientedUIKit */,
				CF572C5C2C1E48ED003D25DB /* ProtocolOrientedUIKitTests */,
				CF572C662C1E48ED003D25DB /* ProtocolOrientedUIKitUITests */,
				CF572C442C1E48EC003D25DB /* Products */,
			);
			sourceTree = "<group>";
		};
		CF572C442C1E48EC003D25DB /* Products */ = {
			isa = PBXGroup;
			children = (
				CF572C432C1E48EC003D25DB /* ProtocolOrientedUIKit.app */,
				CF572C592C1E48ED003D25DB /* ProtocolOrientedUIKitTests.xctest */,
				CF572C632C1E48ED003D25DB /* ProtocolOrientedUIKitUITests.xctest */,
			);
			name = Products;
			sourceTree = "<group>";
		};
		CF572C452C1E48EC003D25DB /* ProtocolOrientedUIKit */ = {
			isa = PBXGroup;
			children = (
				CF572C7D2C1E5A63003D25DB /* ViewModel */,
				CF572C7C2C1E5A03003D25DB /* View */,
				CF572C792C1E4F12003D25DB /* Service */,
				CF572C762C1E4E90003D25DB /* Model */,
				CF572C462C1E48EC003D25DB /* AppDelegate.swift */,
				CF572C482C1E48EC003D25DB /* SceneDelegate.swift */,
				CF572C4F2C1E48ED003D25DB /* Assets.xcassets */,
				CF572C512C1E48ED003D25DB /* LaunchScreen.storyboard */,
				CF572C542C1E48ED003D25DB /* Info.plist */,
			);
			path = ProtocolOrientedUIKit;
			sourceTree = "<group>";
		};
		CF572C5C2C1E48ED003D25DB /* ProtocolOrientedUIKitTests */ = {
			isa = PBXGroup;
			children = (
				CF572C5D2C1E48ED003D25DB /* ProtocolOrientedUIKitTests.swift */,
			);
			path = ProtocolOrientedUIKitTests;
			sourceTree = "<group>";
		};
		CF572C662C1E48ED003D25DB /* ProtocolOrientedUIKitUITests */ = {
			isa = PBXGroup;
			children = (
				CF572C672C1E48ED003D25DB /* ProtocolOrientedUIKitUITests.swift */,
				CF572C692C1E48ED003D25DB /* ProtocolOrientedUIKitUITestsLaunchTests.swift */,
			);
			path = ProtocolOrientedUIKitUITests;
			sourceTree = "<group>";
		};
		CF572C762C1E4E90003D25DB /* Model */ = {
			isa = PBXGroup;
			children = (
				CF572C772C1E4E9F003D25DB /* User.swift */,
			);
			path = Model;
			sourceTree = "<group>";
		};
		CF572C792C1E4F12003D25DB /* Service */ = {
			isa = PBXGroup;
			children = (
				CF572C7A2C1E4F25003D25DB /* APIManager.swift */,
				CF572C802C1E5B1B003D25DB /* UserService.swift */,
			);
			path = Service;
			sourceTree = "<group>";
		};
		CF572C7C2C1E5A03003D25DB /* View */ = {
			isa = PBXGroup;
			children = (
				CF572C4A2C1E48EC003D25DB /* UserViewController.swift */,
			);
			path = View;
			sourceTree = "<group>";
		};
		CF572C7D2C1E5A63003D25DB /* ViewModel */ = {
			isa = PBXGroup;
			children = (
				CF572C7E2C1E5A74003D25DB /* UserViewModel.swift */,
				CF572C822C1E5EE0003D25DB /* UserViewModelOutput.swift */,
			);
			path = ViewModel;
			sourceTree = "<group>";
		};
/* End PBXGroup section */

/* Begin PBXNativeTarget section */
		CF572C422C1E48EC003D25DB /* ProtocolOrientedUIKit */ = {
			isa = PBXNativeTarget;
			buildConfigurationList = CF572C6D2C1E48ED003D25DB /* Build configuration list for PBXNativeTarget "ProtocolOrientedUIKit" */;
			buildPhases = (
				CF572C3F2C1E48EC003D25DB /* Sources */,
				CF572C402C1E48EC003D25DB /* Frameworks */,
				CF572C412C1E48EC003D25DB /* Resources */,
			);
			buildRules = (
			);
			dependencies = (
			);
			name = ProtocolOrientedUIKit;
			productName = ProtocolOrientedUIKit;
			productReference = CF572C432C1E48EC003D25DB /* ProtocolOrientedUIKit.app */;
			productType = "com.apple.product-type.application";
		};
		CF572C582C1E48ED003D25DB /* ProtocolOrientedUIKitTests */ = {
			isa = PBXNativeTarget;
			buildConfigurationList = CF572C702C1E48ED003D25DB /* Build configuration list for PBXNativeTarget "ProtocolOrientedUIKitTests" */;
			buildPhases = (
				CF572C552C1E48ED003D25DB /* Sources */,
				CF572C562C1E48ED003D25DB /* Frameworks */,
				CF572C572C1E48ED003D25DB /* Resources */,
			);
			buildRules = (
			);
			dependencies = (
				CF572C5B2C1E48ED003D25DB /* PBXTargetDependency */,
			);
			name = ProtocolOrientedUIKitTests;
			productName = ProtocolOrientedUIKitTests;
			productReference = CF572C592C1E48ED003D25DB /* ProtocolOrientedUIKitTests.xctest */;
			productType = "com.apple.product-type.bundle.unit-test";
		};
		CF572C622C1E48ED003D25DB /* ProtocolOrientedUIKitUITests */ = {
			isa = PBXNativeTarget;
			buildConfigurationList = CF572C732C1E48ED003D25DB /* Build configuration list for PBXNativeTarget "ProtocolOrientedUIKitUITests" */;
			buildPhases = (
				CF572C5F2C1E48ED003D25DB /* Sources */,
				CF572C602C1E48ED003D25DB /* Frameworks */,
				CF572C612C1E48ED003D25DB /* Resources */,
			);
			buildRules = (
			);
			dependencies = (
				CF572C652C1E48ED003D25DB /* PBXTargetDependency */,
			);
			name = ProtocolOrientedUIKitUITests;
			productName = ProtocolOrientedUIKitUITests;
			productReference = CF572C632C1E48ED003D25DB /* ProtocolOrientedUIKitUITests.xctest */;
			productType = "com.apple.product-type.bundle.ui-testing";
		};
/* End PBXNativeTarget section */

/* Begin PBXProject section */
		CF572C3B2C1E48EC003D25DB /* Project object */ = {
			isa = PBXProject;
			attributes = {
				BuildIndependentTargetsInParallel = 1;
				LastSwiftUpdateCheck = 1540;
				LastUpgradeCheck = 1540;
				TargetAttributes = {
					CF572C422C1E48EC003D25DB = {
						CreatedOnToolsVersion = 15.4;
					};
					CF572C582C1E48ED003D25DB = {
						CreatedOnToolsVersion = 15.4;
						TestTargetID = CF572C422C1E48EC003D25DB;
					};
					CF572C622C1E48ED003D25DB = {
						CreatedOnToolsVersion = 15.4;
						TestTargetID = CF572C422C1E48EC003D25DB;
					};
				};
			};
			buildConfigurationList = CF572C3E2C1E48EC003D25DB /* Build configuration list for PBXProject "ProtocolOrientedUIKit" */;
			compatibilityVersion = "Xcode 14.0";
			developmentRegion = en;
			hasScannedForEncodings = 0;
			knownRegions = (
				en,
				Base,
			);
			mainGroup = CF572C3A2C1E48EC003D25DB;
			productRefGroup = CF572C442C1E48EC003D25DB /* Products */;
			projectDirPath = "";
			projectRoot = "";
			targets = (
				CF572C422C1E48EC003D25DB /* ProtocolOrientedUIKit */,
				CF572C582C1E48ED003D25DB /* ProtocolOrientedUIKitTests */,
				CF572C622C1E48ED003D25DB /* ProtocolOrientedUIKitUITests */,
			);
		};
/* End PBXProject section */

/* Begin PBXResourcesBuildPhase section */
		CF572C412C1E48EC003D25DB /* Resources */ = {
			isa = PBXResourcesBuildPhase;
			buildActionMask = 2147483647;
			files = (
				CF572C502C1E48ED003D25DB /* Assets.xcassets in Resources */,
				CF572C532C1E48ED003D25DB /* Base in Resources */,
			);
			runOnlyForDeploymentPostprocessing = 0;
		};
		CF572C572C1E48ED003D25DB /* Resources */ = {
			isa = PBXResourcesBuildPhase;
			buildActionMask = 2147483647;
			files = (
			);
			runOnlyForDeploymentPostprocessing = 0;
		};
		CF572C612C1E48ED003D25DB /* Resources */ = {
			isa = PBXResourcesBuildPhase;
			buildActionMask = 2147483647;
			files = (
			);
			runOnlyForDeploymentPostprocessing = 0;
		};
/* End PBXResourcesBuildPhase section */

/* Begin PBXSourcesBuildPhase section */
		CF572C3F2C1E48EC003D25DB /* Sources */ = {
			isa = PBXSourcesBuildPhase;
			buildActionMask = 2147483647;
			files = (
				CF572C832C1E5EE0003D25DB /* UserViewModelOutput.swift in Sources */,
				CF572C812C1E5B1B003D25DB /* UserService.swift in Sources */,
				CF572C782C1E4EA0003D25DB /* User.swift in Sources */,
				CF572C7F2C1E5A74003D25DB /* UserViewModel.swift in Sources */,
				CF572C4B2C1E48EC003D25DB /* UserViewController.swift in Sources */,
				CF572C7B2C1E4F25003D25DB /* APIManager.swift in Sources */,
				CF572C472C1E48EC003D25DB /* AppDelegate.swift in Sources */,
				CF572C492C1E48EC003D25DB /* SceneDelegate.swift in Sources */,
			);
			runOnlyForDeploymentPostprocessing = 0;
		};
		CF572C552C1E48ED003D25DB /* Sources */ = {
			isa = PBXSourcesBuildPhase;
			buildActionMask = 2147483647;
			files = (
				CF572C5E2C1E48ED003D25DB /* ProtocolOrientedUIKitTests.swift in Sources */,
			);
			runOnlyForDeploymentPostprocessing = 0;
		};
		CF572C5F2C1E48ED003D25DB /* Sources */ = {
			isa = PBXSourcesBuildPhase;
			buildActionMask = 2147483647;
			files = (
				CF572C682C1E48ED003D25DB /* ProtocolOrientedUIKitUITests.swift in Sources */,
				CF572C6A2C1E48ED003D25DB /* ProtocolOrientedUIKitUITestsLaunchTests.swift in Sources */,
			);
			runOnlyForDeploymentPostprocessing = 0;
		};
/* End PBXSourcesBuildPhase section */

/* Begin PBXTargetDependency section */
		CF572C5B2C1E48ED003D25DB /* PBXTargetDependency */ = {
			isa = PBXTargetDependency;
			target = CF572C422C1E48EC003D25DB /* ProtocolOrientedUIKit */;
			targetProxy = CF572C5A2C1E48ED003D25DB /* PBXContainerItemProxy */;
		};
		CF572C652C1E48ED003D25DB /* PBXTargetDependency */ = {
			isa = PBXTargetDependency;
			target = CF572C422C1E48EC003D25DB /* ProtocolOrientedUIKit */;
			targetProxy = CF572C642C1E48ED003D25DB /* PBXContainerItemProxy */;
		};
/* End PBXTargetDependency section */

/* Begin PBXVariantGroup section */
		CF572C512C1E48ED003D25DB /* LaunchScreen.storyboard */ = {
			isa = PBXVariantGroup;
			children = (
				CF572C522C1E48ED003D25DB /* Base */,
			);
			name = LaunchScreen.storyboard;
			sourceTree = "<group>";
		};
/* End PBXVariantGroup section */

/* Begin XCBuildConfiguration section */
		CF572C6B2C1E48ED003D25DB /* Debug */ = {
			isa = XCBuildConfiguration;
			buildSettings = {
				ALWAYS_SEARCH_USER_PATHS = NO;
				ASSETCATALOG_COMPILER_GENERATE_SWIFT_ASSET_SYMBOL_EXTENSIONS = YES;
				CLANG_ANALYZER_NONNULL = YES;
				CLANG_ANALYZER_NUMBER_OBJECT_CONVERSION = YES_AGGRESSIVE;
				CLANG_CXX_LANGUAGE_STANDARD = "gnu++20";
				CLANG_ENABLE_MODULES = YES;
				CLANG_ENABLE_OBJC_ARC = YES;
				CLANG_ENABLE_OBJC_WEAK = YES;
				CLANG_WARN_BLOCK_CAPTURE_AUTORELEASING = YES;
				CLANG_WARN_BOOL_CONVERSION = YES;
				CLANG_WARN_COMMA = YES;
				CLANG_WARN_CONSTANT_CONVERSION = YES;
				CLANG_WARN_DEPRECATED_OBJC_IMPLEMENTATIONS = YES;
				CLANG_WARN_DIRECT_OBJC_ISA_USAGE = YES_ERROR;
				CLANG_WARN_DOCUMENTATION_COMMENTS = YES;
				CLANG_WARN_EMPTY_BODY = YES;
				CLANG_WARN_ENUM_CONVERSION = YES;
				CLANG_WARN_INFINITE_RECURSION = YES;
				CLANG_WARN_INT_CONVERSION = YES;
				CLANG_WARN_NON_LITERAL_NULL_CONVERSION = YES;
				CLANG_WARN_OBJC_IMPLICIT_RETAIN_SELF = YES;
				CLANG_WARN_OBJC_LITERAL_CONVERSION = YES;
				CLANG_WARN_OBJC_ROOT_CLASS = YES_ERROR;
				CLANG_WARN_QUOTED_INCLUDE_IN_FRAMEWORK_HEADER = YES;
				CLANG_WARN_RANGE_LOOP_ANALYSIS = YES;
				CLANG_WARN_STRICT_PROTOTYPES = YES;
				CLANG_WARN_SUSPICIOUS_MOVE = YES;
				CLANG_WARN_UNGUARDED_AVAILABILITY = YES_AGGRESSIVE;
				CLANG_WARN_UNREACHABLE_CODE = YES;
				CLANG_WARN__DUPLICATE_METHOD_MATCH = YES;
				COPY_PHASE_STRIP = NO;
				DEBUG_INFORMATION_FORMAT = dwarf;
				ENABLE_STRICT_OBJC_MSGSEND = YES;
				ENABLE_TESTABILITY = YES;
				ENABLE_USER_SCRIPT_SANDBOXING = YES;
				GCC_C_LANGUAGE_STANDARD = gnu17;
				GCC_DYNAMIC_NO_PIC = NO;
				GCC_NO_COMMON_BLOCKS = YES;
				GCC_OPTIMIZATION_LEVEL = 0;
				GCC_PREPROCESSOR_DEFINITIONS = (
					"DEBUG=1",
					"$(inherited)",
				);
				GCC_WARN_64_TO_32_BIT_CONVERSION = YES;
				GCC_WARN_ABOUT_RETURN_TYPE = YES_ERROR;
				GCC_WARN_UNDECLARED_SELECTOR = YES;
				GCC_WARN_UNINITIALIZED_AUTOS = YES_AGGRESSIVE;
				GCC_WARN_UNUSED_FUNCTION = YES;
				GCC_WARN_UNUSED_VARIABLE = YES;
				IPHONEOS_DEPLOYMENT_TARGET = 17.5;
				LOCALIZATION_PREFERS_STRING_CATALOGS = YES;
				MTL_ENABLE_DEBUG_INFO = INCLUDE_SOURCE;
				MTL_FAST_MATH = YES;
				ONLY_ACTIVE_ARCH = YES;
				SDKROOT = iphoneos;
				SWIFT_ACTIVE_COMPILATION_CONDITIONS = "DEBUG $(inherited)";
				SWIFT_OPTIMIZATION_LEVEL = "-Onone";
			};
			name = Debug;
		};
		CF572C6C2C1E48ED003D25DB /* Release */ = {
			isa = XCBuildConfiguration;
			buildSettings = {
				ALWAYS_SEARCH_USER_PATHS = NO;
				ASSETCATALOG_COMPILER_GENERATE_SWIFT_ASSET_SYMBOL_EXTENSIONS = YES;
				CLANG_ANALYZER_NONNULL = YES;
				CLANG_ANALYZER_NUMBER_OBJECT_CONVERSION = YES_AGGRESSIVE;
				CLANG_CXX_LANGUAGE_STANDARD = "gnu++20";
				CLANG_ENABLE_MODULES = YES;
				CLANG_ENABLE_OBJC_ARC = YES;
				CLANG_ENABLE_OBJC_WEAK = YES;
				CLANG_WARN_BLOCK_CAPTURE_AUTORELEASING = YES;
				CLANG_WARN_BOOL_CONVERSION = YES;
				CLANG_WARN_COMMA = YES;
				CLANG_WARN_CONSTANT_CONVERSION = YES;
				CLANG_WARN_DEPRECATED_OBJC_IMPLEMENTATIONS = YES;
				CLANG_WARN_DIRECT_OBJC_ISA_USAGE = YES_ERROR;
				CLANG_WARN_DOCUMENTATION_COMMENTS = YES;
				CLANG_WARN_EMPTY_BODY = YES;
				CLANG_WARN_ENUM_CONVERSION = YES;
				CLANG_WARN_INFINITE_RECURSION = YES;
				CLANG_WARN_INT_CONVERSION = YES;
				CLANG_WARN_NON_LITERAL_NULL_CONVERSION = YES;
				CLANG_WARN_OBJC_IMPLICIT_RETAIN_SELF = YES;
				CLANG_WARN_OBJC_LITERAL_CONVERSION = YES;
				CLANG_WARN_OBJC_ROOT_CLASS = YES_ERROR;
				CLANG_WARN_QUOTED_INCLUDE_IN_FRAMEWORK_HEADER = YES;
				CLANG_WARN_RANGE_LOOP_ANALYSIS = YES;
				CLANG_WARN_STRICT_PROTOTYPES = YES;
				CLANG_WARN_SUSPICIOUS_MOVE = YES;
				CLANG_WARN_UNGUARDED_AVAILABILITY = YES_AGGRESSIVE;
				CLANG_WARN_UNREACHABLE_CODE = YES;
				CLANG_WARN__DUPLICATE_METHOD_MATCH = YES;
				COPY_PHASE_STRIP = NO;
				DEBUG_INFORMATION_FORMAT = "dwarf-with-dsym";
				ENABLE_NS_ASSERTIONS = NO;
				ENABLE_STRICT_OBJC_MSGSEND = YES;
				ENABLE_USER_SCRIPT_SANDBOXING = YES;
				GCC_C_LANGUAGE_STANDARD = gnu17;
				GCC_NO_COMMON_BLOCKS = YES;
				GCC_WARN_64_TO_32_BIT_CONVERSION = YES;
				GCC_WARN_ABOUT_RETURN_TYPE = YES_ERROR;
				GCC_WARN_UNDECLARED_SELECTOR = YES;
				GCC_WARN_UNINITIALIZED_AUTOS = YES_AGGRESSIVE;
				GCC_WARN_UNUSED_FUNCTION = YES;
				GCC_WARN_UNUSED_VARIABLE = YES;
				IPHONEOS_DEPLOYMENT_TARGET = 17.5;
				LOCALIZATION_PREFERS_STRING_CATALOGS = YES;
				MTL_ENABLE_DEBUG_INFO = NO;
				MTL_FAST_MATH = YES;
				SDKROOT = iphoneos;
				SWIFT_COMPILATION_MODE = wholemodule;
				VALIDATE_PRODUCT = YES;
			};
			name = Release;
		};
		CF572C6E2C1E48ED003D25DB /* Debug */ = {
			isa = XCBuildConfiguration;
			buildSettings = {
				ASSETCATALOG_COMPILER_APPICON_NAME = AppIcon;
				ASSETCATALOG_COMPILER_GLOBAL_ACCENT_COLOR_NAME = AccentColor;
				CODE_SIGN_STYLE = Automatic;
				CURRENT_PROJECT_VERSION = 1;
				DEVELOPMENT_TEAM = 9X8V68YU8J;
				GENERATE_INFOPLIST_FILE = YES;
				INFOPLIST_FILE = ProtocolOrientedUIKit/Info.plist;
				INFOPLIST_KEY_UIApplicationSupportsIndirectInputEvents = YES;
				INFOPLIST_KEY_UILaunchStoryboardName = LaunchScreen;
				INFOPLIST_KEY_UISupportedInterfaceOrientations_iPad = "UIInterfaceOrientationPortrait UIInterfaceOrientationPortraitUpsideDown UIInterfaceOrientationLandscapeLeft UIInterfaceOrientationLandscapeRight";
				INFOPLIST_KEY_UISupportedInterfaceOrientations_iPhone = "UIInterfaceOrientationPortrait UIInterfaceOrientationLandscapeLeft UIInterfaceOrientationLandscapeRight";
				LD_RUNPATH_SEARCH_PATHS = (
					"$(inherited)",
					"@executable_path/Frameworks",
				);
				MARKETING_VERSION = 1.0;
				PRODUCT_BUNDLE_IDENTIFIER = com.mustafadns.ProtocolOrientedUIKit;
				PRODUCT_NAME = "$(TARGET_NAME)";
				SWIFT_EMIT_LOC_STRINGS = YES;
				SWIFT_VERSION = 5.0;
				TARGETED_DEVICE_FAMILY = "1,2";
			};
			name = Debug;
		};
		CF572C6F2C1E48ED003D25DB /* Release */ = {
			isa = XCBuildConfiguration;
			buildSettings = {
				ASSETCATALOG_COMPILER_APPICON_NAME = AppIcon;
				ASSETCATALOG_COMPILER_GLOBAL_ACCENT_COLOR_NAME = AccentColor;
				CODE_SIGN_STYLE = Automatic;
				CURRENT_PROJECT_VERSION = 1;
				DEVELOPMENT_TEAM = 9X8V68YU8J;
				GENERATE_INFOPLIST_FILE = YES;
				INFOPLIST_FILE = ProtocolOrientedUIKit/Info.plist;
				INFOPLIST_KEY_UIApplicationSupportsIndirectInputEvents = YES;
				INFOPLIST_KEY_UILaunchStoryboardName = LaunchScreen;
				INFOPLIST_KEY_UISupportedInterfaceOrientations_iPad = "UIInterfaceOrientationPortrait UIInterfaceOrientationPortraitUpsideDown UIInterfaceOrientationLandscapeLeft UIInterfaceOrientationLandscapeRight";
				INFOPLIST_KEY_UISupportedInterfaceOrientations_iPhone = "UIInterfaceOrientationPortrait UIInterfaceOrientationLandscapeLeft UIInterfaceOrientationLandscapeRight";
				LD_RUNPATH_SEARCH_PATHS = (
					"$(inherited)",
					"@executable_path/Frameworks",
				);
				MARKETING_VERSION = 1.0;
				PRODUCT_BUNDLE_IDENTIFIER = com.mustafadns.ProtocolOrientedUIKit;
				PRODUCT_NAME = "$(TARGET_NAME)";
				SWIFT_EMIT_LOC_STRINGS = YES;
				SWIFT_VERSION = 5.0;
				TARGETED_DEVICE_FAMILY = "1,2";
			};
			name = Release;
		};
		CF572C712C1E48ED003D25DB /* Debug */ = {
			isa = XCBuildConfiguration;
			buildSettings = {
				ALWAYS_EMBED_SWIFT_STANDARD_LIBRARIES = YES;
				BUNDLE_LOADER = "$(TEST_HOST)";
				CODE_SIGN_STYLE = Automatic;
				CURRENT_PROJECT_VERSION = 1;
				DEVELOPMENT_TEAM = 9X8V68YU8J;
				GENERATE_INFOPLIST_FILE = YES;
				IPHONEOS_DEPLOYMENT_TARGET = 17.5;
				MARKETING_VERSION = 1.0;
				PRODUCT_BUNDLE_IDENTIFIER = com.mustafadns.ProtocolOrientedUIKitTests;
				PRODUCT_NAME = "$(TARGET_NAME)";
				SWIFT_EMIT_LOC_STRINGS = NO;
				SWIFT_VERSION = 5.0;
				TARGETED_DEVICE_FAMILY = "1,2";
				TEST_HOST = "$(BUILT_PRODUCTS_DIR)/ProtocolOrientedUIKit.app/$(BUNDLE_EXECUTABLE_FOLDER_PATH)/ProtocolOrientedUIKit";
			};
			name = Debug;
		};
		CF572C722C1E48ED003D25DB /* Release */ = {
			isa = XCBuildConfiguration;
			buildSettings = {
				ALWAYS_EMBED_SWIFT_STANDARD_LIBRARIES = YES;
				BUNDLE_LOADER = "$(TEST_HOST)";
				CODE_SIGN_STYLE = Automatic;
				CURRENT_PROJECT_VERSION = 1;
				DEVELOPMENT_TEAM = 9X8V68YU8J;
				GENERATE_INFOPLIST_FILE = YES;
				IPHONEOS_DEPLOYMENT_TARGET = 17.5;
				MARKETING_VERSION = 1.0;
				PRODUCT_BUNDLE_IDENTIFIER = com.mustafadns.ProtocolOrientedUIKitTests;
				PRODUCT_NAME = "$(TARGET_NAME)";
				SWIFT_EMIT_LOC_STRINGS = NO;
				SWIFT_VERSION = 5.0;
				TARGETED_DEVICE_FAMILY = "1,2";
				TEST_HOST = "$(BUILT_PRODUCTS_DIR)/ProtocolOrientedUIKit.app/$(BUNDLE_EXECUTABLE_FOLDER_PATH)/ProtocolOrientedUIKit";
			};
			name = Release;
		};
		CF572C742C1E48ED003D25DB /* Debug */ = {
			isa = XCBuildConfiguration;
			buildSettings = {
				ALWAYS_EMBED_SWIFT_STANDARD_LIBRARIES = YES;
				CODE_SIGN_STYLE = Automatic;
				CURRENT_PROJECT_VERSION = 1;
				DEVELOPMENT_TEAM = 9X8V68YU8J;
				GENERATE_INFOPLIST_FILE = YES;
				MARKETING_VERSION = 1.0;
				PRODUCT_BUNDLE_IDENTIFIER = com.mustafadns.ProtocolOrientedUIKitUITests;
				PRODUCT_NAME = "$(TARGET_NAME)";
				SWIFT_EMIT_LOC_STRINGS = NO;
				SWIFT_VERSION = 5.0;
				TARGETED_DEVICE_FAMILY = "1,2";
				TEST_TARGET_NAME = ProtocolOrientedUIKit;
			};
			name = Debug;
		};
		CF572C752C1E48ED003D25DB /* Release */ = {
			isa = XCBuildConfiguration;
			buildSettings = {
				ALWAYS_EMBED_SWIFT_STANDARD_LIBRARIES = YES;
				CODE_SIGN_STYLE = Automatic;
				CURRENT_PROJECT_VERSION = 1;
				DEVELOPMENT_TEAM = 9X8V68YU8J;
				GENERATE_INFOPLIST_FILE = YES;
				MARKETING_VERSION = 1.0;
				PRODUCT_BUNDLE_IDENTIFIER = com.mustafadns.ProtocolOrientedUIKitUITests;
				PRODUCT_NAME = "$(TARGET_NAME)";
				SWIFT_EMIT_LOC_STRINGS = NO;
				SWIFT_VERSION = 5.0;
				TARGETED_DEVICE_FAMILY = "1,2";
				TEST_TARGET_NAME = ProtocolOrientedUIKit;
			};
			name = Release;
		};
/* End XCBuildConfiguration section */

/* Begin XCConfigurationList section */
		CF572C3E2C1E48EC003D25DB /* Build configuration list for PBXProject "ProtocolOrientedUIKit" */ = {
			isa = XCConfigurationList;
			buildConfigurations = (
				CF572C6B2C1E48ED003D25DB /* Debug */,
				CF572C6C2C1E48ED003D25DB /* Release */,
			);
			defaultConfigurationIsVisible = 0;
			defaultConfigurationName = Release;
		};
		CF572C6D2C1E48ED003D25DB /* Build configuration list for PBXNativeTarget "ProtocolOrientedUIKit" */ = {
			isa = XCConfigurationList;
			buildConfigurations = (
				CF572C6E2C1E48ED003D25DB /* Debug */,
				CF572C6F2C1E48ED003D25DB /* Release */,
			);
			defaultConfigurationIsVisible = 0;
			defaultConfigurationName = Release;
		};
		CF572C702C1E48ED003D25DB /* Build configuration list for PBXNativeTarget "ProtocolOrientedUIKitTests" */ = {
			isa = XCConfigurationList;
			buildConfigurations = (
				CF572C712C1E48ED003D25DB /* Debug */,
				CF572C722C1E48ED003D25DB /* Release */,
			);
			defaultConfigurationIsVisible = 0;
			defaultConfigurationName = Release;
		};
		CF572C732C1E48ED003D25DB /* Build configuration list for PBXNativeTarget "ProtocolOrientedUIKitUITests" */ = {
			isa = XCConfigurationList;
			buildConfigurations = (
				CF572C742C1E48ED003D25DB /* Debug */,
				CF572C752C1E48ED003D25DB /* Release */,
			);
			defaultConfigurationIsVisible = 0;
			defaultConfigurationName = Release;
		};
/* End XCConfigurationList section */
	};
	rootObject = CF572C3B2C1E48EC003D25DB /* Project object */;
}
