// !$*UTF8*$!
{
	archiveVersion = 1;
	classes = {
	};
	objectVersion = 56;
	objects = {

/* Begin PBXBuildFile section */
		CF572C092C1E3BB1003D25DB /* AppDelegate.swift in Sources */ = {isa = PBXBuildFile; fileRef = CF572C082C1E3BB1003D25DB /* AppDelegate.swift */; };
		CF572C0B2C1E3BB1003D25DB /* SceneDelegate.swift in Sources */ = {isa = PBXBuildFile; fileRef = CF572C0A2C1E3BB1003D25DB /* SceneDelegate.swift */; };
		CF572C0D2C1E3BB1003D25DB /* ViewController.swift in Sources */ = {isa = PBXBuildFile; fileRef = CF572C0C2C1E3BB1003D25DB /* ViewController.swift */; };
		CF572C102C1E3BB1003D25DB /* Base in Resources */ = {isa = PBXBuildFile; fileRef = CF572C0F2C1E3BB1003D25DB /* Base */; };
		CF572C122C1E3BB2003D25DB /* Assets.xcassets in Resources */ = {isa = PBXBuildFile; fileRef = CF572C112C1E3BB2003D25DB /* Assets.xcassets */; };
		CF572C152C1E3BB2003D25DB /* Base in Resources */ = {isa = PBXBuildFile; fileRef = CF572C142C1E3BB2003D25DB /* Base */; };
		CF572C202C1E3BB2003D25DB /* SwiftTestingTests.swift in Sources */ = {isa = PBXBuildFile; fileRef = CF572C1F2C1E3BB2003D25DB /* SwiftTestingTests.swift */; };
		CF572C2A2C1E3BB2003D25DB /* SwiftTestingUITests.swift in Sources */ = {isa = PBXBuildFile; fileRef = CF572C292C1E3BB2003D25DB /* SwiftTestingUITests.swift */; };
		CF572C2C2C1E3BB2003D25DB /* SwiftTestingUITestsLaunchTests.swift in Sources */ = {isa = PBXBuildFile; fileRef = CF572C2B2C1E3BB2003D25DB /* SwiftTestingUITestsLaunchTests.swift */; };
		CF572C392C1E3C0B003D25DB /* MathematicFunctions.swift in Sources */ = {isa = PBXBuildFile; fileRef = CF572C382C1E3C0B003D25DB /* MathematicFunctions.swift */; };
/* End PBXBuildFile section */

/* Begin PBXContainerItemProxy section */
		CF572C1C2C1E3BB2003D25DB /* PBXContainerItemProxy */ = {
			isa = PBXContainerItemProxy;
			containerPortal = CF572BFD2C1E3BB1003D25DB /* Project object */;
			proxyType = 1;
			remoteGlobalIDString = CF572C042C1E3BB1003D25DB;
			remoteInfo = SwiftTesting;
		};
		CF572C262C1E3BB2003D25DB /* PBXContainerItemProxy */ = {
			isa = PBXContainerItemProxy;
			containerPortal = CF572BFD2C1E3BB1003D25DB /* Project object */;
			proxyType = 1;
			remoteGlobalIDString = CF572C042C1E3BB1003D25DB;
			remoteInfo = SwiftTesting;
		};
/* End PBXContainerItemProxy section */

/* Begin PBXFileReference section */
		CF572C052C1E3BB1003D25DB /* SwiftTesting.app */ = {isa = PBXFileReference; explicitFileType = wrapper.application; includeInIndex = 0; path = SwiftTesting.app; sourceTree = BUILT_PRODUCTS_DIR; };
		CF572C082C1E3BB1003D25DB /* AppDelegate.swift */ = {isa = PBXFileReference; lastKnownFileType = sourcecode.swift; path = AppDelegate.swift; sourceTree = "<group>"; };
		CF572C0A2C1E3BB1003D25DB /* SceneDelegate.swift */ = {isa = PBXFileReference; lastKnownFileType = sourcecode.swift; path = SceneDelegate.swift; sourceTree = "<group>"; };
		CF572C0C2C1E3BB1003D25DB /* ViewController.swift */ = {isa = PBXFileReference; lastKnownFileType = sourcecode.swift; path = ViewController.swift; sourceTree = "<group>"; };
		CF572C0F2C1E3BB1003D25DB /* Base */ = {isa = PBXFileReference; lastKnownFileType = file.storyboard; name = Base; path = Base.lproj/Main.storyboard; sourceTree = "<group>"; };
		CF572C112C1E3BB2003D25DB /* Assets.xcassets */ = {isa = PBXFileReference; lastKnownFileType = folder.assetcatalog; path = Assets.xcassets; sourceTree = "<group>"; };
		CF572C142C1E3BB2003D25DB /* Base */ = {isa = PBXFileReference; lastKnownFileType = file.storyboard; name = Base; path = Base.lproj/LaunchScreen.storyboard; sourceTree = "<group>"; };
		CF572C162C1E3BB2003D25DB /* Info.plist */ = {isa = PBXFileReference; lastKnownFileType = text.plist.xml; path = Info.plist; sourceTree = "<group>"; };
		CF572C1B2C1E3BB2003D25DB /* SwiftTestingTests.xctest */ = {isa = PBXFileReference; explicitFileType = wrapper.cfbundle; includeInIndex = 0; path = SwiftTestingTests.xctest; sourceTree = BUILT_PRODUCTS_DIR; };
		CF572C1F2C1E3BB2003D25DB /* SwiftTestingTests.swift */ = {isa = PBXFileReference; lastKnownFileType = sourcecode.swift; path = SwiftTestingTests.swift; sourceTree = "<group>"; };
		CF572C252C1E3BB2003D25DB /* SwiftTestingUITests.xctest */ = {isa = PBXFileReference; explicitFileType = wrapper.cfbundle; includeInIndex = 0; path = SwiftTestingUITests.xctest; sourceTree = BUILT_PRODUCTS_DIR; };
		CF572C292C1E3BB2003D25DB /* SwiftTestingUITests.swift */ = {isa = PBXFileReference; lastKnownFileType = sourcecode.swift; path = SwiftTestingUITests.swift; sourceTree = "<group>"; };
		CF572C2B2C1E3BB2003D25DB /* SwiftTestingUITestsLaunchTests.swift */ = {isa = PBXFileReference; lastKnownFileType = sourcecode.swift; path = SwiftTestingUITestsLaunchTests.swift; sourceTree = "<group>"; };
		CF572C382C1E3C0B003D25DB /* MathematicFunctions.swift */ = {isa = PBXFileReference; lastKnownFileType = sourcecode.swift; path = MathematicFunctions.swift; sourceTree = "<group>"; };
/* End PBXFileReference section */

/* Begin PBXFrameworksBuildPhase section */
		CF572C022C1E3BB1003D25DB /* Frameworks */ = {
			isa = PBXFrameworksBuildPhase;
			buildActionMask = 2147483647;
			files = (
			);
			runOnlyForDeploymentPostprocessing = 0;
		};
		CF572C182C1E3BB2003D25DB /* Frameworks */ = {
			isa = PBXFrameworksBuildPhase;
			buildActionMask = 2147483647;
			files = (
			);
			runOnlyForDeploymentPostprocessing = 0;
		};
		CF572C222C1E3BB2003D25DB /* Frameworks */ = {
			isa = PBXFrameworksBuildPhase;
			buildActionMask = 2147483647;
			files = (
			);
			runOnlyForDeploymentPostprocessing = 0;
		};
/* End PBXFrameworksBuildPhase section */

/* Begin PBXGroup section */
		CF572BFC2C1E3BB1003D25DB = {
			isa = PBXGroup;
			children = (
				CF572C072C1E3BB1003D25DB /* SwiftTesting */,
				CF572C1E2C1E3BB2003D25DB /* SwiftTestingTests */,
				CF572C282C1E3BB2003D25DB /* SwiftTestingUITests */,
				CF572C062C1E3BB1003D25DB /* Products */,
			);
			sourceTree = "<group>";
		};
		CF572C062C1E3BB1003D25DB /* Products */ = {
			isa = PBXGroup;
			children = (
				CF572C052C1E3BB1003D25DB /* SwiftTesting.app */,
				CF572C1B2C1E3BB2003D25DB /* SwiftTestingTests.xctest */,
				CF572C252C1E3BB2003D25DB /* SwiftTestingUITests.xctest */,
			);
			name = Products;
			sourceTree = "<group>";
		};
		CF572C072C1E3BB1003D25DB /* SwiftTesting */ = {
			isa = PBXGroup;
			children = (
				CF572C082C1E3BB1003D25DB /* AppDelegate.swift */,
				CF572C0A2C1E3BB1003D25DB /* SceneDelegate.swift */,
				CF572C0C2C1E3BB1003D25DB /* ViewController.swift */,
				CF572C382C1E3C0B003D25DB /* MathematicFunctions.swift */,
				CF572C0E2C1E3BB1003D25DB /* Main.storyboard */,
				CF572C112C1E3BB2003D25DB /* Assets.xcassets */,
				CF572C132C1E3BB2003D25DB /* LaunchScreen.storyboard */,
				CF572C162C1E3BB2003D25DB /* Info.plist */,
			);
			path = SwiftTesting;
			sourceTree = "<group>";
		};
		CF572C1E2C1E3BB2003D25DB /* SwiftTestingTests */ = {
			isa = PBXGroup;
			children = (
				CF572C1F2C1E3BB2003D25DB /* SwiftTestingTests.swift */,
			);
			path = SwiftTestingTests;
			sourceTree = "<group>";
		};
		CF572C282C1E3BB2003D25DB /* SwiftTestingUITests */ = {
			isa = PBXGroup;
			children = (
				CF572C292C1E3BB2003D25DB /* SwiftTestingUITests.swift */,
				CF572C2B2C1E3BB2003D25DB /* SwiftTestingUITestsLaunchTests.swift */,
			);
			path = SwiftTestingUITests;
			sourceTree = "<group>";
		};
/* End PBXGroup section */

/* Begin PBXNativeTarget section */
		CF572C042C1E3BB1003D25DB /* SwiftTesting */ = {
			isa = PBXNativeTarget;
			buildConfigurationList = CF572C2F2C1E3BB2003D25DB /* Build configuration list for PBXNativeTarget "SwiftTesting" */;
			buildPhases = (
				CF572C012C1E3BB1003D25DB /* Sources */,
				CF572C022C1E3BB1003D25DB /* Frameworks */,
				CF572C032C1E3BB1003D25DB /* Resources */,
			);
			buildRules = (
			);
			dependencies = (
			);
			name = SwiftTesting;
			productName = SwiftTesting;
			productReference = CF572C052C1E3BB1003D25DB /* SwiftTesting.app */;
			productType = "com.apple.product-type.application";
		};
		CF572C1A2C1E3BB2003D25DB /* SwiftTestingTests */ = {
			isa = PBXNativeTarget;
			buildConfigurationList = CF572C322C1E3BB2003D25DB /* Build configuration list for PBXNativeTarget "SwiftTestingTests" */;
			buildPhases = (
				CF572C172C1E3BB2003D25DB /* Sources */,
				CF572C182C1E3BB2003D25DB /* Frameworks */,
				CF572C192C1E3BB2003D25DB /* Resources */,
			);
			buildRules = (
			);
			dependencies = (
				CF572C1D2C1E3BB2003D25DB /* PBXTargetDependency */,
			);
			name = SwiftTestingTests;
			productName = SwiftTestingTests;
			productReference = CF572C1B2C1E3BB2003D25DB /* SwiftTestingTests.xctest */;
			productType = "com.apple.product-type.bundle.unit-test";
		};
		CF572C242C1E3BB2003D25DB /* SwiftTestingUITests */ = {
			isa = PBXNativeTarget;
			buildConfigurationList = CF572C352C1E3BB2003D25DB /* Build configuration list for PBXNativeTarget "SwiftTestingUITests" */;
			buildPhases = (
				CF572C212C1E3BB2003D25DB /* Sources */,
				CF572C222C1E3BB2003D25DB /* Frameworks */,
				CF572C232C1E3BB2003D25DB /* Resources */,
			);
			buildRules = (
			);
			dependencies = (
				CF572C272C1E3BB2003D25DB /* PBXTargetDependency */,
			);
			name = SwiftTestingUITests;
			productName = SwiftTestingUITests;
			productReference = CF572C252C1E3BB2003D25DB /* SwiftTestingUITests.xctest */;
			productType = "com.apple.product-type.bundle.ui-testing";
		};
/* End PBXNativeTarget section */

/* Begin PBXProject section */
		CF572BFD2C1E3BB1003D25DB /* Project object */ = {
			isa = PBXProject;
			attributes = {
				BuildIndependentTargetsInParallel = 1;
				LastSwiftUpdateCheck = 1540;
				LastUpgradeCheck = 1540;
				TargetAttributes = {
					CF572C042C1E3BB1003D25DB = {
						CreatedOnToolsVersion = 15.4;
					};
					CF572C1A2C1E3BB2003D25DB = {
						CreatedOnToolsVersion = 15.4;
						TestTargetID = CF572C042C1E3BB1003D25DB;
					};
					CF572C242C1E3BB2003D25DB = {
						CreatedOnToolsVersion = 15.4;
						TestTargetID = CF572C042C1E3BB1003D25DB;
					};
				};
			};
			buildConfigurationList = CF572C002C1E3BB1003D25DB /* Build configuration list for PBXProject "SwiftTesting" */;
			compatibilityVersion = "Xcode 14.0";
			developmentRegion = en;
			hasScannedForEncodings = 0;
			knownRegions = (
				en,
				Base,
			);
			mainGroup = CF572BFC2C1E3BB1003D25DB;
			productRefGroup = CF572C062C1E3BB1003D25DB /* Products */;
			projectDirPath = "";
			projectRoot = "";
			targets = (
				CF572C042C1E3BB1003D25DB /* SwiftTesting */,
				CF572C1A2C1E3BB2003D25DB /* SwiftTestingTests */,
				CF572C242C1E3BB2003D25DB /* SwiftTestingUITests */,
			);
		};
/* End PBXProject section */

/* Begin PBXResourcesBuildPhase section */
		CF572C032C1E3BB1003D25DB /* Resources */ = {
			isa = PBXResourcesBuildPhase;
			buildActionMask = 2147483647;
			files = (
				CF572C122C1E3BB2003D25DB /* Assets.xcassets in Resources */,
				CF572C152C1E3BB2003D25DB /* Base in Resources */,
				CF572C102C1E3BB1003D25DB /* Base in Resources */,
			);
			runOnlyForDeploymentPostprocessing = 0;
		};
		CF572C192C1E3BB2003D25DB /* Resources */ = {
			isa = PBXResourcesBuildPhase;
			buildActionMask = 2147483647;
			files = (
			);
			runOnlyForDeploymentPostprocessing = 0;
		};
		CF572C232C1E3BB2003D25DB /* Resources */ = {
			isa = PBXResourcesBuildPhase;
			buildActionMask = 2147483647;
			files = (
			);
			runOnlyForDeploymentPostprocessing = 0;
		};
/* End PBXResourcesBuildPhase section */

/* Begin PBXSourcesBuildPhase section */
		CF572C012C1E3BB1003D25DB /* Sources */ = {
			isa = PBXSourcesBuildPhase;
			buildActionMask = 2147483647;
			files = (
				CF572C0D2C1E3BB1003D25DB /* ViewController.swift in Sources */,
				CF572C092C1E3BB1003D25DB /* AppDelegate.swift in Sources */,
				CF572C392C1E3C0B003D25DB /* MathematicFunctions.swift in Sources */,
				CF572C0B2C1E3BB1003D25DB /* SceneDelegate.swift in Sources */,
			);
			runOnlyForDeploymentPostprocessing = 0;
		};
		CF572C172C1E3BB2003D25DB /* Sources */ = {
			isa = PBXSourcesBuildPhase;
			buildActionMask = 2147483647;
			files = (
				CF572C202C1E3BB2003D25DB /* SwiftTestingTests.swift in Sources */,
			);
			runOnlyForDeploymentPostprocessing = 0;
		};
		CF572C212C1E3BB2003D25DB /* Sources */ = {
			isa = PBXSourcesBuildPhase;
			buildActionMask = 2147483647;
			files = (
				CF572C2A2C1E3BB2003D25DB /* SwiftTestingUITests.swift in Sources */,
				CF572C2C2C1E3BB2003D25DB /* SwiftTestingUITestsLaunchTests.swift in Sources */,
			);
			runOnlyForDeploymentPostprocessing = 0;
		};
/* End PBXSourcesBuildPhase section */

/* Begin PBXTargetDependency section */
		CF572C1D2C1E3BB2003D25DB /* PBXTargetDependency */ = {
			isa = PBXTargetDependency;
			target = CF572C042C1E3BB1003D25DB /* SwiftTesting */;
			targetProxy = CF572C1C2C1E3BB2003D25DB /* PBXContainerItemProxy */;
		};
		CF572C272C1E3BB2003D25DB /* PBXTargetDependency */ = {
			isa = PBXTargetDependency;
			target = CF572C042C1E3BB1003D25DB /* SwiftTesting */;
			targetProxy = CF572C262C1E3BB2003D25DB /* PBXContainerItemProxy */;
		};
/* End PBXTargetDependency section */

/* Begin PBXVariantGroup section */
		CF572C0E2C1E3BB1003D25DB /* Main.storyboard */ = {
			isa = PBXVariantGroup;
			children = (
				CF572C0F2C1E3BB1003D25DB /* Base */,
			);
			name = Main.storyboard;
			sourceTree = "<group>";
		};
		CF572C132C1E3BB2003D25DB /* LaunchScreen.storyboard */ = {
			isa = PBXVariantGroup;
			children = (
				CF572C142C1E3BB2003D25DB /* Base */,
			);
			name = LaunchScreen.storyboard;
			sourceTree = "<group>";
		};
/* End PBXVariantGroup section */

/* Begin XCBuildConfiguration section */
		CF572C2D2C1E3BB2003D25DB /* Debug */ = {
			isa = XCBuildConfiguration;
			buildSettings = {
				ALWAYS_SEARCH_USER_PATHS = NO;
				ASSETCATALOG_COMPILER_GENERATE_SWIFT_ASSET_SYMBOL_EXTENSIONS = YES;
				CLANG_ANALYZER_NONNULL = YES;
				CLANG_ANALYZER_NUMBER_OBJECT_CONVERSION = YES_AGGRESSIVE;
				CLANG_CXX_LANGUAGE_STANDARD = "gnu++20";
				CLANG_ENABLE_MODULES = YES;
				CLANG_ENABLE_OBJC_ARC = YES;
				CLANG_ENABLE_OBJC_WEAK = YES;
				CLANG_WARN_BLOCK_CAPTURE_AUTORELEASING = YES;
				CLANG_WARN_BOOL_CONVERSION = YES;
				CLANG_WARN_COMMA = YES;
				CLANG_WARN_CONSTANT_CONVERSION = YES;
				CLANG_WARN_DEPRECATED_OBJC_IMPLEMENTATIONS = YES;
				CLANG_WARN_DIRECT_OBJC_ISA_USAGE = YES_ERROR;
				CLANG_WARN_DOCUMENTATION_COMMENTS = YES;
				CLANG_WARN_EMPTY_BODY = YES;
				CLANG_WARN_ENUM_CONVERSION = YES;
				CLANG_WARN_INFINITE_RECURSION = YES;
				CLANG_WARN_INT_CONVERSION = YES;
				CLANG_WARN_NON_LITERAL_NULL_CONVERSION = YES;
				CLANG_WARN_OBJC_IMPLICIT_RETAIN_SELF = YES;
				CLANG_WARN_OBJC_LITERAL_CONVERSION = YES;
				CLANG_WARN_OBJC_ROOT_CLASS = YES_ERROR;
				CLANG_WARN_QUOTED_INCLUDE_IN_FRAMEWORK_HEADER = YES;
				CLANG_WARN_RANGE_LOOP_ANALYSIS = YES;
				CLANG_WARN_STRICT_PROTOTYPES = YES;
				CLANG_WARN_SUSPICIOUS_MOVE = YES;
				CLANG_WARN_UNGUARDED_AVAILABILITY = YES_AGGRESSIVE;
				CLANG_WARN_UNREACHABLE_CODE = YES;
				CLANG_WARN__DUPLICATE_METHOD_MATCH = YES;
				COPY_PHASE_STRIP = NO;
				DEBUG_INFORMATION_FORMAT = dwarf;
				ENABLE_STRICT_OBJC_MSGSEND = YES;
				ENABLE_TESTABILITY = YES;
				ENABLE_USER_SCRIPT_SANDBOXING = YES;
				GCC_C_LANGUAGE_STANDARD = gnu17;
				GCC_DYNAMIC_NO_PIC = NO;
				GCC_NO_COMMON_BLOCKS = YES;
				GCC_OPTIMIZATION_LEVEL = 0;
				GCC_PREPROCESSOR_DEFINITIONS = (
					"DEBUG=1",
					"$(inherited)",
				);
				GCC_WARN_64_TO_32_BIT_CONVERSION = YES;
				GCC_WARN_ABOUT_RETURN_TYPE = YES_ERROR;
				GCC_WARN_UNDECLARED_SELECTOR = YES;
				GCC_WARN_UNINITIALIZED_AUTOS = YES_AGGRESSIVE;
				GCC_WARN_UNUSED_FUNCTION = YES;
				GCC_WARN_UNUSED_VARIABLE = YES;
				IPHONEOS_DEPLOYMENT_TARGET = 17.5;
				LOCALIZATION_PREFERS_STRING_CATALOGS = YES;
				MTL_ENABLE_DEBUG_INFO = INCLUDE_SOURCE;
				MTL_FAST_MATH = YES;
				ONLY_ACTIVE_ARCH = YES;
				SDKROOT = iphoneos;
				SWIFT_ACTIVE_COMPILATION_CONDITIONS = "DEBUG $(inherited)";
				SWIFT_OPTIMIZATION_LEVEL = "-Onone";
			};
			name = Debug;
		};
		CF572C2E2C1E3BB2003D25DB /* Release */ = {
			isa = XCBuildConfiguration;
			buildSettings = {
				ALWAYS_SEARCH_USER_PATHS = NO;
				ASSETCATALOG_COMPILER_GENERATE_SWIFT_ASSET_SYMBOL_EXTENSIONS = YES;
				CLANG_ANALYZER_NONNULL = YES;
				CLANG_ANALYZER_NUMBER_OBJECT_CONVERSION = YES_AGGRESSIVE;
				CLANG_CXX_LANGUAGE_STANDARD = "gnu++20";
				CLANG_ENABLE_MODULES = YES;
				CLANG_ENABLE_OBJC_ARC = YES;
				CLANG_ENABLE_OBJC_WEAK = YES;
				CLANG_WARN_BLOCK_CAPTURE_AUTORELEASING = YES;
				CLANG_WARN_BOOL_CONVERSION = YES;
				CLANG_WARN_COMMA = YES;
				CLANG_WARN_CONSTANT_CONVERSION = YES;
				CLANG_WARN_DEPRECATED_OBJC_IMPLEMENTATIONS = YES;
				CLANG_WARN_DIRECT_OBJC_ISA_USAGE = YES_ERROR;
				CLANG_WARN_DOCUMENTATION_COMMENTS = YES;
				CLANG_WARN_EMPTY_BODY = YES;
				CLANG_WARN_ENUM_CONVERSION = YES;
				CLANG_WARN_INFINITE_RECURSION = YES;
				CLANG_WARN_INT_CONVERSION = YES;
				CLANG_WARN_NON_LITERAL_NULL_CONVERSION = YES;
				CLANG_WARN_OBJC_IMPLICIT_RETAIN_SELF = YES;
				CLANG_WARN_OBJC_LITERAL_CONVERSION = YES;
				CLANG_WARN_OBJC_ROOT_CLASS = YES_ERROR;
				CLANG_WARN_QUOTED_INCLUDE_IN_FRAMEWORK_HEADER = YES;
				CLANG_WARN_RANGE_LOOP_ANALYSIS = YES;
				CLANG_WARN_STRICT_PROTOTYPES = YES;
				CLANG_WARN_SUSPICIOUS_MOVE = YES;
				CLANG_WARN_UNGUARDED_AVAILABILITY = YES_AGGRESSIVE;
				CLANG_WARN_UNREACHABLE_CODE = YES;
				CLANG_WARN__DUPLICATE_METHOD_MATCH = YES;
				COPY_PHASE_STRIP = NO;
				DEBUG_INFORMATION_FORMAT = "dwarf-with-dsym";
				ENABLE_NS_ASSERTIONS = NO;
				ENABLE_STRICT_OBJC_MSGSEND = YES;
				ENABLE_USER_SCRIPT_SANDBOXING = YES;
				GCC_C_LANGUAGE_STANDARD = gnu17;
				GCC_NO_COMMON_BLOCKS = YES;
				GCC_WARN_64_TO_32_BIT_CONVERSION = YES;
				GCC_WARN_ABOUT_RETURN_TYPE = YES_ERROR;
				GCC_WARN_UNDECLARED_SELECTOR = YES;
				GCC_WARN_UNINITIALIZED_AUTOS = YES_AGGRESSIVE;
				GCC_WARN_UNUSED_FUNCTION = YES;
				GCC_WARN_UNUSED_VARIABLE = YES;
				IPHONEOS_DEPLOYMENT_TARGET = 17.5;
				LOCALIZATION_PREFERS_STRING_CATALOGS = YES;
				MTL_ENABLE_DEBUG_INFO = NO;
				MTL_FAST_MATH = YES;
				SDKROOT = iphoneos;
				SWIFT_COMPILATION_MODE = wholemodule;
				VALIDATE_PRODUCT = YES;
			};
			name = Release;
		};
		CF572C302C1E3BB2003D25DB /* Debug */ = {
			isa = XCBuildConfiguration;
			buildSettings = {
				ASSETCATALOG_COMPILER_APPICON_NAME = AppIcon;
				ASSETCATALOG_COMPILER_GLOBAL_ACCENT_COLOR_NAME = AccentColor;
				CODE_SIGN_STYLE = Automatic;
				CURRENT_PROJECT_VERSION = 1;
				DEVELOPMENT_TEAM = 9X8V68YU8J;
				GENERATE_INFOPLIST_FILE = YES;
				INFOPLIST_FILE = SwiftTesting/Info.plist;
				INFOPLIST_KEY_UIApplicationSupportsIndirectInputEvents = YES;
				INFOPLIST_KEY_UILaunchStoryboardName = LaunchScreen;
				INFOPLIST_KEY_UIMainStoryboardFile = Main;
				INFOPLIST_KEY_UISupportedInterfaceOrientations_iPad = "UIInterfaceOrientationPortrait UIInterfaceOrientationPortraitUpsideDown UIInterfaceOrientationLandscapeLeft UIInterfaceOrientationLandscapeRight";
				INFOPLIST_KEY_UISupportedInterfaceOrientations_iPhone = "UIInterfaceOrientationPortrait UIInterfaceOrientationLandscapeLeft UIInterfaceOrientationLandscapeRight";
				LD_RUNPATH_SEARCH_PATHS = (
					"$(inherited)",
					"@executable_path/Frameworks",
				);
				MARKETING_VERSION = 1.0;
				PRODUCT_BUNDLE_IDENTIFIER = com.mustafadns.SwiftTesting;
				PRODUCT_NAME = "$(TARGET_NAME)";
				SWIFT_EMIT_LOC_STRINGS = YES;
				SWIFT_VERSION = 5.0;
				TARGETED_DEVICE_FAMILY = "1,2";
			};
			name = Debug;
		};
		CF572C312C1E3BB2003D25DB /* Release */ = {
			isa = XCBuildConfiguration;
			buildSettings = {
				ASSETCATALOG_COMPILER_APPICON_NAME = AppIcon;
				ASSETCATALOG_COMPILER_GLOBAL_ACCENT_COLOR_NAME = AccentColor;
				CODE_SIGN_STYLE = Automatic;
				CURRENT_PROJECT_VERSION = 1;
				DEVELOPMENT_TEAM = 9X8V68YU8J;
				GENERATE_INFOPLIST_FILE = YES;
				INFOPLIST_FILE = SwiftTesting/Info.plist;
				INFOPLIST_KEY_UIApplicationSupportsIndirectInputEvents = YES;
				INFOPLIST_KEY_UILaunchStoryboardName = LaunchScreen;
				INFOPLIST_KEY_UIMainStoryboardFile = Main;
				INFOPLIST_KEY_UISupportedInterfaceOrientations_iPad = "UIInterfaceOrientationPortrait UIInterfaceOrientationPortraitUpsideDown UIInterfaceOrientationLandscapeLeft UIInterfaceOrientationLandscapeRight";
				INFOPLIST_KEY_UISupportedInterfaceOrientations_iPhone = "UIInterfaceOrientationPortrait UIInterfaceOrientationLandscapeLeft UIInterfaceOrientationLandscapeRight";
				LD_RUNPATH_SEARCH_PATHS = (
					"$(inherited)",
					"@executable_path/Frameworks",
				);
				MARKETING_VERSION = 1.0;
				PRODUCT_BUNDLE_IDENTIFIER = com.mustafadns.SwiftTesting;
				PRODUCT_NAME = "$(TARGET_NAME)";
				SWIFT_EMIT_LOC_STRINGS = YES;
				SWIFT_VERSION = 5.0;
				TARGETED_DEVICE_FAMILY = "1,2";
			};
			name = Release;
		};
		CF572C332C1E3BB2003D25DB /* Debug */ = {
			isa = XCBuildConfiguration;
			buildSettings = {
				ALWAYS_EMBED_SWIFT_STANDARD_LIBRARIES = YES;
				BUNDLE_LOADER = "$(TEST_HOST)";
				CODE_SIGN_STYLE = Automatic;
				CURRENT_PROJECT_VERSION = 1;
				DEVELOPMENT_TEAM = 9X8V68YU8J;
				GENERATE_INFOPLIST_FILE = YES;
				IPHONEOS_DEPLOYMENT_TARGET = 17.5;
				MARKETING_VERSION = 1.0;
				PRODUCT_BUNDLE_IDENTIFIER = com.mustafadns.SwiftTestingTests;
				PRODUCT_NAME = "$(TARGET_NAME)";
				SWIFT_EMIT_LOC_STRINGS = NO;
				SWIFT_VERSION = 5.0;
				TARGETED_DEVICE_FAMILY = "1,2";
				TEST_HOST = "$(BUILT_PRODUCTS_DIR)/SwiftTesting.app/$(BUNDLE_EXECUTABLE_FOLDER_PATH)/SwiftTesting";
			};
			name = Debug;
		};
		CF572C342C1E3BB2003D25DB /* Release */ = {
			isa = XCBuildConfiguration;
			buildSettings = {
				ALWAYS_EMBED_SWIFT_STANDARD_LIBRARIES = YES;
				BUNDLE_LOADER = "$(TEST_HOST)";
				CODE_SIGN_STYLE = Automatic;
				CURRENT_PROJECT_VERSION = 1;
				DEVELOPMENT_TEAM = 9X8V68YU8J;
				GENERATE_INFOPLIST_FILE = YES;
				IPHONEOS_DEPLOYMENT_TARGET = 17.5;
				MARKETING_VERSION = 1.0;
				PRODUCT_BUNDLE_IDENTIFIER = com.mustafadns.SwiftTestingTests;
				PRODUCT_NAME = "$(TARGET_NAME)";
				SWIFT_EMIT_LOC_STRINGS = NO;
				SWIFT_VERSION = 5.0;
				TARGETED_DEVICE_FAMILY = "1,2";
				TEST_HOST = "$(BUILT_PRODUCTS_DIR)/SwiftTesting.app/$(BUNDLE_EXECUTABLE_FOLDER_PATH)/SwiftTesting";
			};
			name = Release;
		};
		CF572C362C1E3BB2003D25DB /* Debug */ = {
			isa = XCBuildConfiguration;
			buildSettings = {
				ALWAYS_EMBED_SWIFT_STANDARD_LIBRARIES = YES;
				CODE_SIGN_STYLE = Automatic;
				CURRENT_PROJECT_VERSION = 1;
				DEVELOPMENT_TEAM = 9X8V68YU8J;
				GENERATE_INFOPLIST_FILE = YES;
				MARKETING_VERSION = 1.0;
				PRODUCT_BUNDLE_IDENTIFIER = com.mustafadns.SwiftTestingUITests;
				PRODUCT_NAME = "$(TARGET_NAME)";
				SWIFT_EMIT_LOC_STRINGS = NO;
				SWIFT_VERSION = 5.0;
				TARGETED_DEVICE_FAMILY = "1,2";
				TEST_TARGET_NAME = SwiftTesting;
			};
			name = Debug;
		};
		CF572C372C1E3BB2003D25DB /* Release */ = {
			isa = XCBuildConfiguration;
			buildSettings = {
				ALWAYS_EMBED_SWIFT_STANDARD_LIBRARIES = YES;
				CODE_SIGN_STYLE = Automatic;
				CURRENT_PROJECT_VERSION = 1;
				DEVELOPMENT_TEAM = 9X8V68YU8J;
				GENERATE_INFOPLIST_FILE = YES;
				MARKETING_VERSION = 1.0;
				PRODUCT_BUNDLE_IDENTIFIER = com.mustafadns.SwiftTestingUITests;
				PRODUCT_NAME = "$(TARGET_NAME)";
				SWIFT_EMIT_LOC_STRINGS = NO;
				SWIFT_VERSION = 5.0;
				TARGETED_DEVICE_FAMILY = "1,2";
				TEST_TARGET_NAME = SwiftTesting;
			};
			name = Release;
		};
/* End XCBuildConfiguration section */

/* Begin XCConfigurationList section */
		CF572C002C1E3BB1003D25DB /* Build configuration list for PBXProject "SwiftTesting" */ = {
			isa = XCConfigurationList;
			buildConfigurations = (
				CF572C2D2C1E3BB2003D25DB /* Debug */,
				CF572C2E2C1E3BB2003D25DB /* Release */,
			);
			defaultConfigurationIsVisible = 0;
			defaultConfigurationName = Release;
		};
		CF572C2F2C1E3BB2003D25DB /* Build configuration list for PBXNativeTarget "SwiftTesting" */ = {
			isa = XCConfigurationList;
			buildConfigurations = (
				CF572C302C1E3BB2003D25DB /* Debug */,
				CF572C312C1E3BB2003D25DB /* Release */,
			);
			defaultConfigurationIsVisible = 0;
			defaultConfigurationName = Release;
		};
		CF572C322C1E3BB2003D25DB /* Build configuration list for PBXNativeTarget "SwiftTestingTests" */ = {
			isa = XCConfigurationList;
			buildConfigurations = (
				CF572C332C1E3BB2003D25DB /* Debug */,
				CF572C342C1E3BB2003D25DB /* Release */,
			);
			defaultConfigurationIsVisible = 0;
			defaultConfigurationName = Release;
		};
		CF572C352C1E3BB2003D25DB /* Build configuration list for PBXNativeTarget "SwiftTestingUITests" */ = {
			isa = XCConfigurationList;
			buildConfigurations = (
				CF572C362C1E3BB2003D25DB /* Debug */,
				CF572C372C1E3BB2003D25DB /* Release */,
			);
			defaultConfigurationIsVisible = 0;
			defaultConfigurationName = Release;
		};
/* End XCConfigurationList section */
	};
	rootObject = CF572BFD2C1E3BB1003D25DB /* Project object */;
}
